
Microsoft Visual Studio Solution File, Format Version 12.00
# Visual Studio Version 17
VisualStudioVersion = 17.4.33205.214
MinimumVisualStudioVersion = 10.0.40219.1
Project("{FAE04EC0-301F-11D3-BF4B-00C04F79EFBC}") = "ITMO2022.ADO.Net.Lab01.Ex01toEx04.DBConnection", "ITMO2022.ADO.Net.Lab01.Ex01toEx04.DBConnection\ITMO2022.ADO.Net.Lab01.Ex01toEx04.DBConnection.csproj", "{63F87470-A8AF-436D-A296-0F87CB964C6A}"
EndProject
Project("{FAE04EC0-301F-11D3-BF4B-00C04F79EFBC}") = "ITMO2022.ADO.Net.Lab01.Ex05.DBConnection", "ITMO2022.ADO.Net.Lab01.Ex05.DBConnection\ITMO2022.ADO.Net.Lab01.Ex05.DBConnection.csproj", "{92F33011-65C4-4D25-B4B2-9D0FC19AEEBC}"
EndProject
Project("{FAE04EC0-301F-11D3-BF4B-00C04F79EFBC}") = "ITMO2022.ADO.Net.Lab02.Ex01.DBConnection", "ITMO2022.ADO.Net.Lab02.Ex01.DBConnection\ITMO2022.ADO.Net.Lab02.Ex01.DBConnection.csproj", "{49362923-7DF2-4022-AA18-AF3ECF82E853}"
EndProject
Project("{FAE04EC0-301F-11D3-BF4B-00C04F79EFBC}") = "ITMO2022.ADO.Net.Lab02.Ex02.DBConnection", "ITMO2022.ADO.Net.Lab02.Ex02.DBConnection\ITMO2022.ADO.Net.Lab02.Ex02.DBConnection.csproj", "{EBEABBB2-100C-4923-9752-3142CD80B6F8}"
EndProject
Project("{FAE04EC0-301F-11D3-BF4B-00C04F79EFBC}") = "ITMO2022.ADO.Net.Lab02.Ex03.DBConnection", "ITMO2022.ADO.Net.Lab02.Ex03.DBConnection\ITMO2022.ADO.Net.Lab02.Ex03.DBConnection.csproj", "{33B4B6F3-18A7-42E1-AA47-18EDC868CA07}"
EndProject
Project("{FAE04EC0-301F-11D3-BF4B-00C04F79EFBC}") = "ITMO2022.ADO.Net.Lab03.Ex01to02.DSConnect", "ITMO2022.ADO.Net.Lab03.Ex01to02.DSConnect\ITMO2022.ADO.Net.Lab03.Ex01to02.DSConnect.csproj", "{A84C9CFD-9695-415C-89A9-D28EEECC5476}"
EndProject
Project("{FAE04EC0-301F-11D3-BF4B-00C04F79EFBC}") = "ITMO2022.ADO.Net.Lab03.Ex03.DBCommand", "ITMO2022.ADO.Net.Lab03.Ex03.DBCommand\ITMO2022.ADO.Net.Lab03.Ex03.DBCommand.csproj", "{EC2E6236-208D-414C-9F48-37EB3D32CB08}"
EndProject
Global
	GlobalSection(SolutionConfigurationPlatforms) = preSolution
		Debug|Any CPU = Debug|Any CPU
		Release|Any CPU = Release|Any CPU
	EndGlobalSection
	GlobalSection(ProjectConfigurationPlatforms) = postSolution
		{63F87470-A8AF-436D-A296-0F87CB964C6A}.Debug|Any CPU.ActiveCfg = Debug|Any CPU
		{63F87470-A8AF-436D-A296-0F87CB964C6A}.Debug|Any CPU.Build.0 = Debug|Any CPU
		{63F87470-A8AF-436D-A296-0F87CB964C6A}.Release|Any CPU.ActiveCfg = Release|Any CPU
		{63F87470-A8AF-436D-A296-0F87CB964C6A}.Release|Any CPU.Build.0 = Release|Any CPU
		{92F33011-65C4-4D25-B4B2-9D0FC19AEEBC}.Debug|Any CPU.ActiveCfg = Debug|Any CPU
		{92F33011-65C4-4D25-B4B2-9D0FC19AEEBC}.Debug|Any CPU.Build.0 = Debug|Any CPU
		{92F33011-65C4-4D25-B4B2-9D0FC19AEEBC}.Release|Any CPU.ActiveCfg = Release|Any CPU
		{92F33011-65C4-4D25-B4B2-9D0FC19AEEBC}.Release|Any CPU.Build.0 = Release|Any CPU
		{49362923-7DF2-4022-AA18-AF3ECF82E853}.Debug|Any CPU.ActiveCfg = Debug|Any CPU
		{49362923-7DF2-4022-AA18-AF3ECF82E853}.Debug|Any CPU.Build.0 = Debug|Any CPU
		{49362923-7DF2-4022-AA18-AF3ECF82E853}.Release|Any CPU.ActiveCfg = Release|Any CPU
		{49362923-7DF2-4022-AA18-AF3ECF82E853}.Release|Any CPU.Build.0 = Release|Any CPU
		{EBEABBB2-100C-4923-9752-3142CD80B6F8}.Debug|Any CPU.ActiveCfg = Debug|Any CPU
		{EBEABBB2-100C-4923-9752-3142CD80B6F8}.Debug|Any CPU.Build.0 = Debug|Any CPU
		{EBEABBB2-100C-4923-9752-3142CD80B6F8}.Release|Any CPU.ActiveCfg = Release|Any CPU
		{EBEABBB2-100C-4923-9752-3142CD80B6F8}.Release|Any CPU.Build.0 = Release|Any CPU
		{33B4B6F3-18A7-42E1-AA47-18EDC868CA07}.Debug|Any CPU.ActiveCfg = Debug|Any CPU
		{33B4B6F3-18A7-42E1-AA47-18EDC868CA07}.Debug|Any CPU.Build.0 = Debug|Any CPU
		{33B4B6F3-18A7-42E1-AA47-18EDC868CA07}.Release|Any CPU.ActiveCfg = Release|Any CPU
		{33B4B6F3-18A7-42E1-AA47-18EDC868CA07}.Release|Any CPU.Build.0 = Release|Any CPU
		{A84C9CFD-9695-415C-89A9-D28EEECC5476}.Debug|Any CPU.ActiveCfg = Debug|Any CPU
		{A84C9CFD-9695-415C-89A9-D28EEECC5476}.Debug|Any CPU.Build.0 = Debug|Any CPU
		{A84C9CFD-9695-415C-89A9-D28EEECC5476}.Release|Any CPU.ActiveCfg = Release|Any CPU
		{A84C9CFD-9695-415C-89A9-D28EEECC5476}.Release|Any CPU.Build.0 = Release|Any CPU
		{EC2E6236-208D-414C-9F48-37EB3D32CB08}.Debug|Any CPU.ActiveCfg = Debug|Any CPU
		{EC2E6236-208D-414C-9F48-37EB3D32CB08}.Debug|Any CPU.Build.0 = Debug|Any CPU
		{EC2E6236-208D-414C-9F48-37EB3D32CB08}.Release|Any CPU.ActiveCfg = Release|Any CPU
		{EC2E6236-208D-414C-9F48-37EB3D32CB08}.Release|Any CPU.Build.0 = Release|Any CPU
	EndGlobalSection
	GlobalSection(SolutionProperties) = preSolution
		HideSolutionNode = FALSE
	EndGlobalSection
	GlobalSection(ExtensibilityGlobals) = postSolution
		SolutionGuid = {CBB90868-B0FB-406A-B6F3-0CF1B05B8E57}
	EndGlobalSection
EndGlobal
