
Microsoft Visual Studio Solution File, Format Version 12.00
# Visual Studio Version 17
VisualStudioVersion = 17.4.33205.214
MinimumVisualStudioVersion = 10.0.40219.1
Project("{FAE04EC0-301F-11D3-BF4B-00C04F79EFBC}") = "ITMO2022.ADO.Net.Lab01.Ex01toEx04.DBConnection", "ITMO2022.ADO.Net.Lab01.Ex01toEx04.DBConnection\ITMO2022.ADO.Net.Lab01.Ex01toEx04.DBConnection.csproj", "{63F87470-A8AF-436D-A296-0F87CB964C6A}"
EndProject
Project("{FAE04EC0-301F-11D3-BF4B-00C04F79EFBC}") = "ITMO2022.ADO.Net.Lab01.Ex05.DBConnection", "ITMO2022.ADO.Net.Lab01.Ex05.DBConnection\ITMO2022.ADO.Net.Lab01.Ex05.DBConnection.csproj", "{92F33011-65C4-4D25-B4B2-9D0FC19AEEBC}"
EndProject
Project("{FAE04EC0-301F-11D3-BF4B-00C04F79EFBC}") = "ITMO2022.ADO.Net.Lab02.Ex01.DBConnection", "ITMO2022.ADO.Net.Lab02.Ex01.DBConnection\ITMO2022.ADO.Net.Lab02.Ex01.DBConnection.csproj", "{49362923-7DF2-4022-AA18-AF3ECF82E853}"
EndProject
Project("{FAE04EC0-301F-11D3-BF4B-00C04F79EFBC}") = "ITMO2022.ADO.Net.Lab02.Ex02.DBConnection", "ITMO2022.ADO.Net.Lab02.Ex02.DBConnection\ITMO2022.ADO.Net.Lab02.Ex02.DBConnection.csproj", "{EBEABBB2-100C-4923-9752-3142CD80B6F8}"
EndProject
Project("{FAE04EC0-301F-11D3-BF4B-00C04F79EFBC}") = "ITMO2022.ADO.Net.Lab02.Ex03.DBConnection", "ITMO2022.ADO.Net.Lab02.Ex03.DBConnection\ITMO2022.ADO.Net.Lab02.Ex03.DBConnection.csproj", "{33B4B6F3-18A7-42E1-AA47-18EDC868CA07}"
EndProject
Project("{FAE04EC0-301F-11D3-BF4B-00C04F79EFBC}") = "ITMO2022.ADO.Net.Lab03.Ex01to02.DSConnect", "ITMO2022.ADO.Net.Lab03.Ex01to02.DSConnect\ITMO2022.ADO.Net.Lab03.Ex01to02.DSConnect.csproj", "{A84C9CFD-9695-415C-89A9-D28EEECC5476}"
EndProject
Project("{FAE04EC0-301F-11D3-BF4B-00C04F79EFBC}") = "ITMO2022.ADO.Net.Lab03.Ex03toEx04.DBCommand", "ITMO2022.ADO.Net.Lab03.Ex03toEx04.DBCommand\ITMO2022.ADO.Net.Lab03.Ex03toEx04.DBCommand.csproj", "{EC2E6236-208D-414C-9F48-37EB3D32CB08}"
EndProject
Project("{FAE04EC0-301F-11D3-BF4B-00C04F79EFBC}") = "ITMO2022.ADO.Net.Lab04.Ex01.DatasetDesigner", "ITMO2022.ADO.Net.Lab04.Ex01.DatasetDesigner\ITMO2022.ADO.Net.Lab04.Ex01.DatasetDesigner.csproj", "{FED5CAEA-547D-483A-9A4B-BDBB61BF4D48}"
EndProject
Project("{FAE04EC0-301F-11D3-BF4B-00C04F79EFBC}") = "ITMO2022.ADO.Net.Lab04.Ex02.CreatingDataTable", "ITMO2022.ADO.Net.Lab04.Ex02.CreatingDataTable\ITMO2022.ADO.Net.Lab04.Ex02.CreatingDataTable.csproj", "{08FAEA18-CB72-4981-A794-3D8030711CD3}"
EndProject
Project("{FAE04EC0-301F-11D3-BF4B-00C04F79EFBC}") = "ITMO2022.ADO.Net.Lab04.Ex03.DataAdapterWizard", "ITMO2022.ADO.Net.Lab04.Ex03.DataAdapterWizard\ITMO2022.ADO.Net.Lab04.Ex03.DataAdapterWizard.csproj", "{E63BB673-22A6-4231-B7D7-D1C54DD87673}"
EndProject
Project("{FAE04EC0-301F-11D3-BF4B-00C04F79EFBC}") = "ITMO2022.ADO.Net.Lab04.Ex04.DataAdapterProgram", "ITMO2022.ADO.Net.Lab04.Ex04.DataAdapterProgram\ITMO2022.ADO.Net.Lab04.Ex04.DataAdapterProgram.csproj", "{ACCFADEA-B298-4090-A32A-BFF5A380F3CB}"
EndProject
Project("{FAE04EC0-301F-11D3-BF4B-00C04F79EFBC}") = "ITMO2022.ADO.Net.Lab04.Ex05.WorkingDataTable", "ITMO2022.ADO.Net.Lab04.Ex05.WorkingDataTable\ITMO2022.ADO.Net.Lab04.Ex05.WorkingDataTable.csproj", "{3BDD182B-7006-4CD1-8A9A-D8E4A360D060}"
EndProject
Project("{FAE04EC0-301F-11D3-BF4B-00C04F79EFBC}") = "ITMO2022.ADO.Net.Lab04.Ex06.DataViewExample", "ITMO2022.ADO.Net.Lab04.Ex06.DataViewExample\ITMO2022.ADO.Net.Lab04.Ex06.DataViewExample.csproj", "{A9172E32-DFE6-4788-BD58-E16D1709730B}"
EndProject
Project("{FAE04EC0-301F-11D3-BF4B-00C04F79EFBC}") = "ITMO2022.ADO.Net.Lab05.Ex01.DataSourcesWizard", "ITMO2022.ADO.Net.Lab05.Ex01.DataSourcesWizard\ITMO2022.ADO.Net.Lab05.Ex01.DataSourcesWizard.csproj", "{245B0DD4-AB00-49D9-9FE8-762D9A4F4A3E}"
EndProject
Project("{FAE04EC0-301F-11D3-BF4B-00C04F79EFBC}") = "ITMO2022.ADO.Net.Lab05.Ex02.DataBindingSimple", "ITMO2022.ADO.Net.Lab05.Ex02.DataBindingSimple\ITMO2022.ADO.Net.Lab05.Ex02.DataBindingSimple.csproj", "{C09FFA74-7567-4157-B091-65B1112988B8}"
EndProject
Project("{FAE04EC0-301F-11D3-BF4B-00C04F79EFBC}") = "ITMO2022.ADO.Net.Lab05.Ex03.DataBindingComplex", "ITMO2022.ADO.Net.Lab05.Ex03.DataBindingComplex\ITMO2022.ADO.Net.Lab05.Ex03.DataBindingComplex.csproj", "{A8F246D7-AC1C-462C-A4EC-5214D95F8A8D}"
EndProject
Project("{FAE04EC0-301F-11D3-BF4B-00C04F79EFBC}") = "ITMO2022.ADO.Net.Lab05.Ex04.DataGridViewExample", "ITMO2022.ADO.Net.Lab05.Ex04.DataGridViewExample\ITMO2022.ADO.Net.Lab05.Ex04.DataGridViewExample.csproj", "{D3BD52F5-1721-4297-A400-ADF89096F2BC}"
EndProject
Project("{FAE04EC0-301F-11D3-BF4B-00C04F79EFBC}") = "ITMO2022.ADO.Net.Lab06.Ex01.SavingDataSetXml", "ITMO2022.ADO.Net.Lab06.Ex01.SavingDataSetXml\ITMO2022.ADO.Net.Lab06.Ex01.SavingDataSetXml.csproj", "{C6E9499F-654C-4B78-AFA2-35FEF86F3D35}"
EndProject
Project("{FAE04EC0-301F-11D3-BF4B-00C04F79EFBC}") = "ITMO2022.ADO.Net.Lab06.Ex02.LoadDataSetXml", "ITMO2022.ADO.Net.Lab06.Ex02.LoadDataSetXml\ITMO2022.ADO.Net.Lab06.Ex02.LoadDataSetXml.csproj", "{8EDA2AB3-771B-45D3-A277-F5679A4ED663}"
EndProject
Project("{FAE04EC0-301F-11D3-BF4B-00C04F79EFBC}") = "ITMO2022.ADO.Net.ControlTask", "ITMO2022.ADO.Net.ControlTask\ITMO2022.ADO.Net.ControlTask.csproj", "{3A01D081-E8CC-40A6-8D58-FD8EC5BED24F}"
EndProject
Project("{FAE04EC0-301F-11D3-BF4B-00C04F79EFBC}") = "ITMO2022.ADO.Net.Lab07.Ex01.Linq_Student", "ITMO2022.ADO.Net.Lab07.Ex01.Linq_Student\ITMO2022.ADO.Net.Lab07.Ex01.Linq_Student.csproj", "{BC093161-D144-4149-B943-C3C4D0CE8680}"
EndProject
Project("{FAE04EC0-301F-11D3-BF4B-00C04F79EFBC}") = "ITMO2022.ADO.Net.Lab07.Ex02.Linq_Student", "ITMO2022.ADO.Net.Lab07.Ex02.Linq_Student\ITMO2022.ADO.Net.Lab07.Ex02.Linq_Student.csproj", "{D1D20D13-75A2-4376-878D-12C3B5681091}"
EndProject
Project("{FAE04EC0-301F-11D3-BF4B-00C04F79EFBC}") = "ITMO2022.ADO.Net.Lab07.Ex03.Linq_Student", "ITMO2022.ADO.Net.Lab07.Ex03.Linq_Student\ITMO2022.ADO.Net.Lab07.Ex03.Linq_Student.csproj", "{55A1045E-CBE7-4A34-B1EC-79A4ED2D4E96}"
EndProject
Project("{FAE04EC0-301F-11D3-BF4B-00C04F79EFBC}") = "ITMO2022.ADO.Net.Lab09.Ex01.CustomerManager", "ITMO2022.ADO.Net.Lab09.Ex01.CustomerManager\ITMO2022.ADO.Net.Lab09.Ex01.CustomerManager.csproj", "{70D9AE5E-DA25-43E4-9C42-BD5FF569D968}"
EndProject
Project("{FAE04EC0-301F-11D3-BF4B-00C04F79EFBC}") = "ITMO2022.ADO.Net.Lab09.Ex01.CodeFirst", "ITMO2022.ADO.Net.Lab09.Ex01.CodeFirst\ITMO2022.ADO.Net.Lab09.Ex01.CodeFirst.csproj", "{03693B44-01BA-491B-8794-42D3F5994E7F}"
EndProject
Project("{FAE04EC0-301F-11D3-BF4B-00C04F79EFBC}") = "ITMO2022.ADO.Net.Lab09.Ex02.CustomerManager", "ITMO2022.ADO.Net.Lab09.Ex02.CustomerManager\ITMO2022.ADO.Net.Lab09.Ex02.CustomerManager.csproj", "{A2A025F9-A418-4C70-842A-989215AC1173}"
EndProject
Project("{FAE04EC0-301F-11D3-BF4B-00C04F79EFBC}") = "ITMO2022.ADO.Net.Lab09.Ex02.CodeFirstFile", "ITMO2022.ADO.Net.Lab09.Ex02.CodeFirstFile\ITMO2022.ADO.Net.Lab09.Ex02.CodeFirstFile.csproj", "{5C8212CC-83FC-41D8-8879-953CB5E67F7F}"
EndProject
Global
	GlobalSection(SolutionConfigurationPlatforms) = preSolution
		Debug|Any CPU = Debug|Any CPU
		Release|Any CPU = Release|Any CPU
	EndGlobalSection
	GlobalSection(ProjectConfigurationPlatforms) = postSolution
		{63F87470-A8AF-436D-A296-0F87CB964C6A}.Debug|Any CPU.ActiveCfg = Debug|Any CPU
		{63F87470-A8AF-436D-A296-0F87CB964C6A}.Debug|Any CPU.Build.0 = Debug|Any CPU
		{63F87470-A8AF-436D-A296-0F87CB964C6A}.Release|Any CPU.ActiveCfg = Release|Any CPU
		{63F87470-A8AF-436D-A296-0F87CB964C6A}.Release|Any CPU.Build.0 = Release|Any CPU
		{92F33011-65C4-4D25-B4B2-9D0FC19AEEBC}.Debug|Any CPU.ActiveCfg = Debug|Any CPU
		{92F33011-65C4-4D25-B4B2-9D0FC19AEEBC}.Debug|Any CPU.Build.0 = Debug|Any CPU
		{92F33011-65C4-4D25-B4B2-9D0FC19AEEBC}.Release|Any CPU.ActiveCfg = Release|Any CPU
		{92F33011-65C4-4D25-B4B2-9D0FC19AEEBC}.Release|Any CPU.Build.0 = Release|Any CPU
		{49362923-7DF2-4022-AA18-AF3ECF82E853}.Debug|Any CPU.ActiveCfg = Debug|Any CPU
		{49362923-7DF2-4022-AA18-AF3ECF82E853}.Debug|Any CPU.Build.0 = Debug|Any CPU
		{49362923-7DF2-4022-AA18-AF3ECF82E853}.Release|Any CPU.ActiveCfg = Release|Any CPU
		{49362923-7DF2-4022-AA18-AF3ECF82E853}.Release|Any CPU.Build.0 = Release|Any CPU
		{EBEABBB2-100C-4923-9752-3142CD80B6F8}.Debug|Any CPU.ActiveCfg = Debug|Any CPU
		{EBEABBB2-100C-4923-9752-3142CD80B6F8}.Debug|Any CPU.Build.0 = Debug|Any CPU
		{EBEABBB2-100C-4923-9752-3142CD80B6F8}.Release|Any CPU.ActiveCfg = Release|Any CPU
		{EBEABBB2-100C-4923-9752-3142CD80B6F8}.Release|Any CPU.Build.0 = Release|Any CPU
		{33B4B6F3-18A7-42E1-AA47-18EDC868CA07}.Debug|Any CPU.ActiveCfg = Debug|Any CPU
		{33B4B6F3-18A7-42E1-AA47-18EDC868CA07}.Debug|Any CPU.Build.0 = Debug|Any CPU
		{33B4B6F3-18A7-42E1-AA47-18EDC868CA07}.Release|Any CPU.ActiveCfg = Release|Any CPU
		{33B4B6F3-18A7-42E1-AA47-18EDC868CA07}.Release|Any CPU.Build.0 = Release|Any CPU
		{A84C9CFD-9695-415C-89A9-D28EEECC5476}.Debug|Any CPU.ActiveCfg = Debug|Any CPU
		{A84C9CFD-9695-415C-89A9-D28EEECC5476}.Debug|Any CPU.Build.0 = Debug|Any CPU
		{A84C9CFD-9695-415C-89A9-D28EEECC5476}.Release|Any CPU.ActiveCfg = Release|Any CPU
		{A84C9CFD-9695-415C-89A9-D28EEECC5476}.Release|Any CPU.Build.0 = Release|Any CPU
		{EC2E6236-208D-414C-9F48-37EB3D32CB08}.Debug|Any CPU.ActiveCfg = Debug|Any CPU
		{EC2E6236-208D-414C-9F48-37EB3D32CB08}.Debug|Any CPU.Build.0 = Debug|Any CPU
		{EC2E6236-208D-414C-9F48-37EB3D32CB08}.Release|Any CPU.ActiveCfg = Release|Any CPU
		{EC2E6236-208D-414C-9F48-37EB3D32CB08}.Release|Any CPU.Build.0 = Release|Any CPU
		{FED5CAEA-547D-483A-9A4B-BDBB61BF4D48}.Debug|Any CPU.ActiveCfg = Debug|Any CPU
		{FED5CAEA-547D-483A-9A4B-BDBB61BF4D48}.Debug|Any CPU.Build.0 = Debug|Any CPU
		{FED5CAEA-547D-483A-9A4B-BDBB61BF4D48}.Release|Any CPU.ActiveCfg = Release|Any CPU
		{FED5CAEA-547D-483A-9A4B-BDBB61BF4D48}.Release|Any CPU.Build.0 = Release|Any CPU
		{08FAEA18-CB72-4981-A794-3D8030711CD3}.Debug|Any CPU.ActiveCfg = Debug|Any CPU
		{08FAEA18-CB72-4981-A794-3D8030711CD3}.Debug|Any CPU.Build.0 = Debug|Any CPU
		{08FAEA18-CB72-4981-A794-3D8030711CD3}.Release|Any CPU.ActiveCfg = Release|Any CPU
		{08FAEA18-CB72-4981-A794-3D8030711CD3}.Release|Any CPU.Build.0 = Release|Any CPU
		{E63BB673-22A6-4231-B7D7-D1C54DD87673}.Debug|Any CPU.ActiveCfg = Debug|Any CPU
		{E63BB673-22A6-4231-B7D7-D1C54DD87673}.Debug|Any CPU.Build.0 = Debug|Any CPU
		{E63BB673-22A6-4231-B7D7-D1C54DD87673}.Release|Any CPU.ActiveCfg = Release|Any CPU
		{E63BB673-22A6-4231-B7D7-D1C54DD87673}.Release|Any CPU.Build.0 = Release|Any CPU
		{ACCFADEA-B298-4090-A32A-BFF5A380F3CB}.Debug|Any CPU.ActiveCfg = Debug|Any CPU
		{ACCFADEA-B298-4090-A32A-BFF5A380F3CB}.Debug|Any CPU.Build.0 = Debug|Any CPU
		{ACCFADEA-B298-4090-A32A-BFF5A380F3CB}.Release|Any CPU.ActiveCfg = Release|Any CPU
		{ACCFADEA-B298-4090-A32A-BFF5A380F3CB}.Release|Any CPU.Build.0 = Release|Any CPU
		{3BDD182B-7006-4CD1-8A9A-D8E4A360D060}.Debug|Any CPU.ActiveCfg = Debug|Any CPU
		{3BDD182B-7006-4CD1-8A9A-D8E4A360D060}.Debug|Any CPU.Build.0 = Debug|Any CPU
		{3BDD182B-7006-4CD1-8A9A-D8E4A360D060}.Release|Any CPU.ActiveCfg = Release|Any CPU
		{3BDD182B-7006-4CD1-8A9A-D8E4A360D060}.Release|Any CPU.Build.0 = Release|Any CPU
		{A9172E32-DFE6-4788-BD58-E16D1709730B}.Debug|Any CPU.ActiveCfg = Debug|Any CPU
		{A9172E32-DFE6-4788-BD58-E16D1709730B}.Debug|Any CPU.Build.0 = Debug|Any CPU
		{A9172E32-DFE6-4788-BD58-E16D1709730B}.Release|Any CPU.ActiveCfg = Release|Any CPU
		{A9172E32-DFE6-4788-BD58-E16D1709730B}.Release|Any CPU.Build.0 = Release|Any CPU
		{245B0DD4-AB00-49D9-9FE8-762D9A4F4A3E}.Debug|Any CPU.ActiveCfg = Debug|Any CPU
		{245B0DD4-AB00-49D9-9FE8-762D9A4F4A3E}.Debug|Any CPU.Build.0 = Debug|Any CPU
		{245B0DD4-AB00-49D9-9FE8-762D9A4F4A3E}.Release|Any CPU.ActiveCfg = Release|Any CPU
		{245B0DD4-AB00-49D9-9FE8-762D9A4F4A3E}.Release|Any CPU.Build.0 = Release|Any CPU
		{C09FFA74-7567-4157-B091-65B1112988B8}.Debug|Any CPU.ActiveCfg = Debug|Any CPU
		{C09FFA74-7567-4157-B091-65B1112988B8}.Debug|Any CPU.Build.0 = Debug|Any CPU
		{C09FFA74-7567-4157-B091-65B1112988B8}.Release|Any CPU.ActiveCfg = Release|Any CPU
		{C09FFA74-7567-4157-B091-65B1112988B8}.Release|Any CPU.Build.0 = Release|Any CPU
		{A8F246D7-AC1C-462C-A4EC-5214D95F8A8D}.Debug|Any CPU.ActiveCfg = Debug|Any CPU
		{A8F246D7-AC1C-462C-A4EC-5214D95F8A8D}.Debug|Any CPU.Build.0 = Debug|Any CPU
		{A8F246D7-AC1C-462C-A4EC-5214D95F8A8D}.Release|Any CPU.ActiveCfg = Release|Any CPU
		{A8F246D7-AC1C-462C-A4EC-5214D95F8A8D}.Release|Any CPU.Build.0 = Release|Any CPU
		{D3BD52F5-1721-4297-A400-ADF89096F2BC}.Debug|Any CPU.ActiveCfg = Debug|Any CPU
		{D3BD52F5-1721-4297-A400-ADF89096F2BC}.Debug|Any CPU.Build.0 = Debug|Any CPU
		{D3BD52F5-1721-4297-A400-ADF89096F2BC}.Release|Any CPU.ActiveCfg = Release|Any CPU
		{D3BD52F5-1721-4297-A400-ADF89096F2BC}.Release|Any CPU.Build.0 = Release|Any CPU
		{C6E9499F-654C-4B78-AFA2-35FEF86F3D35}.Debug|Any CPU.ActiveCfg = Debug|Any CPU
		{C6E9499F-654C-4B78-AFA2-35FEF86F3D35}.Debug|Any CPU.Build.0 = Debug|Any CPU
		{C6E9499F-654C-4B78-AFA2-35FEF86F3D35}.Release|Any CPU.ActiveCfg = Release|Any CPU
		{C6E9499F-654C-4B78-AFA2-35FEF86F3D35}.Release|Any CPU.Build.0 = Release|Any CPU
		{8EDA2AB3-771B-45D3-A277-F5679A4ED663}.Debug|Any CPU.ActiveCfg = Debug|Any CPU
		{8EDA2AB3-771B-45D3-A277-F5679A4ED663}.Debug|Any CPU.Build.0 = Debug|Any CPU
		{8EDA2AB3-771B-45D3-A277-F5679A4ED663}.Release|Any CPU.ActiveCfg = Release|Any CPU
		{8EDA2AB3-771B-45D3-A277-F5679A4ED663}.Release|Any CPU.Build.0 = Release|Any CPU
		{3A01D081-E8CC-40A6-8D58-FD8EC5BED24F}.Debug|Any CPU.ActiveCfg = Debug|Any CPU
		{3A01D081-E8CC-40A6-8D58-FD8EC5BED24F}.Debug|Any CPU.Build.0 = Debug|Any CPU
		{3A01D081-E8CC-40A6-8D58-FD8EC5BED24F}.Release|Any CPU.ActiveCfg = Release|Any CPU
		{3A01D081-E8CC-40A6-8D58-FD8EC5BED24F}.Release|Any CPU.Build.0 = Release|Any CPU
		{BC093161-D144-4149-B943-C3C4D0CE8680}.Debug|Any CPU.ActiveCfg = Debug|Any CPU
		{BC093161-D144-4149-B943-C3C4D0CE8680}.Debug|Any CPU.Build.0 = Debug|Any CPU
		{BC093161-D144-4149-B943-C3C4D0CE8680}.Release|Any CPU.ActiveCfg = Release|Any CPU
		{BC093161-D144-4149-B943-C3C4D0CE8680}.Release|Any CPU.Build.0 = Release|Any CPU
		{D1D20D13-75A2-4376-878D-12C3B5681091}.Debug|Any CPU.ActiveCfg = Debug|Any CPU
		{D1D20D13-75A2-4376-878D-12C3B5681091}.Debug|Any CPU.Build.0 = Debug|Any CPU
		{D1D20D13-75A2-4376-878D-12C3B5681091}.Release|Any CPU.ActiveCfg = Release|Any CPU
		{D1D20D13-75A2-4376-878D-12C3B5681091}.Release|Any CPU.Build.0 = Release|Any CPU
		{55A1045E-CBE7-4A34-B1EC-79A4ED2D4E96}.Debug|Any CPU.ActiveCfg = Debug|Any CPU
		{55A1045E-CBE7-4A34-B1EC-79A4ED2D4E96}.Debug|Any CPU.Build.0 = Debug|Any CPU
		{55A1045E-CBE7-4A34-B1EC-79A4ED2D4E96}.Release|Any CPU.ActiveCfg = Release|Any CPU
		{55A1045E-CBE7-4A34-B1EC-79A4ED2D4E96}.Release|Any CPU.Build.0 = Release|Any CPU
		{70D9AE5E-DA25-43E4-9C42-BD5FF569D968}.Debug|Any CPU.ActiveCfg = Debug|Any CPU
		{70D9AE5E-DA25-43E4-9C42-BD5FF569D968}.Debug|Any CPU.Build.0 = Debug|Any CPU
		{70D9AE5E-DA25-43E4-9C42-BD5FF569D968}.Release|Any CPU.ActiveCfg = Release|Any CPU
		{70D9AE5E-DA25-43E4-9C42-BD5FF569D968}.Release|Any CPU.Build.0 = Release|Any CPU
		{03693B44-01BA-491B-8794-42D3F5994E7F}.Debug|Any CPU.ActiveCfg = Debug|Any CPU
		{03693B44-01BA-491B-8794-42D3F5994E7F}.Debug|Any CPU.Build.0 = Debug|Any CPU
		{03693B44-01BA-491B-8794-42D3F5994E7F}.Release|Any CPU.ActiveCfg = Release|Any CPU
		{03693B44-01BA-491B-8794-42D3F5994E7F}.Release|Any CPU.Build.0 = Release|Any CPU
		{A2A025F9-A418-4C70-842A-989215AC1173}.Debug|Any CPU.ActiveCfg = Debug|Any CPU
		{A2A025F9-A418-4C70-842A-989215AC1173}.Debug|Any CPU.Build.0 = Debug|Any CPU
		{A2A025F9-A418-4C70-842A-989215AC1173}.Release|Any CPU.ActiveCfg = Release|Any CPU
		{A2A025F9-A418-4C70-842A-989215AC1173}.Release|Any CPU.Build.0 = Release|Any CPU
		{5C8212CC-83FC-41D8-8879-953CB5E67F7F}.Debug|Any CPU.ActiveCfg = Debug|Any CPU
		{5C8212CC-83FC-41D8-8879-953CB5E67F7F}.Debug|Any CPU.Build.0 = Debug|Any CPU
		{5C8212CC-83FC-41D8-8879-953CB5E67F7F}.Release|Any CPU.ActiveCfg = Release|Any CPU
		{5C8212CC-83FC-41D8-8879-953CB5E67F7F}.Release|Any CPU.Build.0 = Release|Any CPU
	EndGlobalSection
	GlobalSection(SolutionProperties) = preSolution
		HideSolutionNode = FALSE
	EndGlobalSection
	GlobalSection(ExtensibilityGlobals) = postSolution
		SolutionGuid = {CBB90868-B0FB-406A-B6F3-0CF1B05B8E57}
	EndGlobalSection
EndGlobal
