
Microsoft Visual Studio Solution File, Format Version 12.00
# Visual Studio Version 17
VisualStudioVersion = 17.4.33213.308
MinimumVisualStudioVersion = 10.0.40219.1
Project("{FAE04EC0-301F-11D3-BF4B-00C04F79EFBC}") = "ITMO2022.ASP.Net.Lab01.Ex01to02.RSVP", "ITMO2022.ASP.Net.Lab01.Ex01to02.RSVP\ITMO2022.ASP.Net.Lab01.Ex01to02.RSVP.csproj", "{4DD6F96B-C868-4421-8E95-8D5D4B5C9C76}"
EndProject
Project("{FAE04EC0-301F-11D3-BF4B-00C04F79EFBC}") = "ITMO2022.ASP.Net.Lab02.Ex01to02.RSVP", "ITMO2022.ASP.Net.Lab02.Ex01to02.RSVP\ITMO2022.ASP.Net.Lab02.Ex01to02.RSVP.csproj", "{F45F88AE-B6C4-45EB-8004-8D76E9E4EE8A}"
EndProject
Project("{FAE04EC0-301F-11D3-BF4B-00C04F79EFBC}") = "ITMO2022.ASP.Net.Lab03.Ex01to02.RSVP", "ITMO2022.ASP.Net.Lab03.Ex01to02.RSVP\ITMO2022.ASP.Net.Lab03.Ex01to02.RSVP.csproj", "{3D2A7E61-08CA-459E-BD37-89BF6D70FA72}"
EndProject
Project("{FAE04EC0-301F-11D3-BF4B-00C04F79EFBC}") = "ITMO2022.ASP.Net.Lab04.Ex01to03.RSVP", "ITMO2022.ASP.Net.Lab04.Ex01to03.RSVP\ITMO2022.ASP.Net.Lab04.Ex01to03.RSVP.csproj", "{70CB5311-0741-4C00-9325-DF39374F0A63}"
EndProject
Project("{FAE04EC0-301F-11D3-BF4B-00C04F79EFBC}") = "ITMO2022.ASP.Net.Lab05.Ex01.RSVP", "ITMO2022.ASP.Net.Lab05.Ex01.RSVP\ITMO2022.ASP.Net.Lab05.Ex01.RSVP.csproj", "{C4B33E41-2963-4BC9-9D57-5252C93BB864}"
EndProject
Project("{FAE04EC0-301F-11D3-BF4B-00C04F79EFBC}") = "ITMO2022.ASP.Net.Lab08.Ex01.RSVP", "ITMO2022.ASP.Net.Lab08.Ex01.RSVP\ITMO2022.ASP.Net.Lab08.Ex01.RSVP.csproj", "{D9EB8E4E-AD80-4DA9-AD4F-F3F71789D1F1}"
EndProject
Project("{FAE04EC0-301F-11D3-BF4B-00C04F79EFBC}") = "ITMO2022.ASP.Net.Lab08.Ex02.RSVP", "ITMO2022.ASP.Net.Lab08.Ex02.RSVP\ITMO2022.ASP.Net.Lab08.Ex02.RSVP.csproj", "{EC55CA20-31EE-4804-92B2-DCD0C6CFE653}"
EndProject
Project("{FAE04EC0-301F-11D3-BF4B-00C04F79EFBC}") = "ITMO2022.ASP.Net.ControlTask", "ITMO2022.ASP.Net.ControlTask\ITMO2022.ASP.Net.ControlTask.csproj", "{F6B77529-7AF0-4CCF-B78C-F5067D498597}"
EndProject
Global
	GlobalSection(SolutionConfigurationPlatforms) = preSolution
		Debug|Any CPU = Debug|Any CPU
		Release|Any CPU = Release|Any CPU
	EndGlobalSection
	GlobalSection(ProjectConfigurationPlatforms) = postSolution
		{4DD6F96B-C868-4421-8E95-8D5D4B5C9C76}.Debug|Any CPU.ActiveCfg = Debug|Any CPU
		{4DD6F96B-C868-4421-8E95-8D5D4B5C9C76}.Debug|Any CPU.Build.0 = Debug|Any CPU
		{4DD6F96B-C868-4421-8E95-8D5D4B5C9C76}.Release|Any CPU.ActiveCfg = Release|Any CPU
		{4DD6F96B-C868-4421-8E95-8D5D4B5C9C76}.Release|Any CPU.Build.0 = Release|Any CPU
		{F45F88AE-B6C4-45EB-8004-8D76E9E4EE8A}.Debug|Any CPU.ActiveCfg = Debug|Any CPU
		{F45F88AE-B6C4-45EB-8004-8D76E9E4EE8A}.Debug|Any CPU.Build.0 = Debug|Any CPU
		{F45F88AE-B6C4-45EB-8004-8D76E9E4EE8A}.Release|Any CPU.ActiveCfg = Release|Any CPU
		{F45F88AE-B6C4-45EB-8004-8D76E9E4EE8A}.Release|Any CPU.Build.0 = Release|Any CPU
		{3D2A7E61-08CA-459E-BD37-89BF6D70FA72}.Debug|Any CPU.ActiveCfg = Debug|Any CPU
		{3D2A7E61-08CA-459E-BD37-89BF6D70FA72}.Debug|Any CPU.Build.0 = Debug|Any CPU
		{3D2A7E61-08CA-459E-BD37-89BF6D70FA72}.Release|Any CPU.ActiveCfg = Release|Any CPU
		{3D2A7E61-08CA-459E-BD37-89BF6D70FA72}.Release|Any CPU.Build.0 = Release|Any CPU
		{70CB5311-0741-4C00-9325-DF39374F0A63}.Debug|Any CPU.ActiveCfg = Debug|Any CPU
		{70CB5311-0741-4C00-9325-DF39374F0A63}.Debug|Any CPU.Build.0 = Debug|Any CPU
		{70CB5311-0741-4C00-9325-DF39374F0A63}.Release|Any CPU.ActiveCfg = Release|Any CPU
		{70CB5311-0741-4C00-9325-DF39374F0A63}.Release|Any CPU.Build.0 = Release|Any CPU
		{C4B33E41-2963-4BC9-9D57-5252C93BB864}.Debug|Any CPU.ActiveCfg = Debug|Any CPU
		{C4B33E41-2963-4BC9-9D57-5252C93BB864}.Debug|Any CPU.Build.0 = Debug|Any CPU
		{C4B33E41-2963-4BC9-9D57-5252C93BB864}.Release|Any CPU.ActiveCfg = Release|Any CPU
		{C4B33E41-2963-4BC9-9D57-5252C93BB864}.Release|Any CPU.Build.0 = Release|Any CPU
		{D9EB8E4E-AD80-4DA9-AD4F-F3F71789D1F1}.Debug|Any CPU.ActiveCfg = Debug|Any CPU
		{D9EB8E4E-AD80-4DA9-AD4F-F3F71789D1F1}.Debug|Any CPU.Build.0 = Debug|Any CPU
		{D9EB8E4E-AD80-4DA9-AD4F-F3F71789D1F1}.Release|Any CPU.ActiveCfg = Release|Any CPU
		{D9EB8E4E-AD80-4DA9-AD4F-F3F71789D1F1}.Release|Any CPU.Build.0 = Release|Any CPU
		{EC55CA20-31EE-4804-92B2-DCD0C6CFE653}.Debug|Any CPU.ActiveCfg = Debug|Any CPU
		{EC55CA20-31EE-4804-92B2-DCD0C6CFE653}.Debug|Any CPU.Build.0 = Debug|Any CPU
		{EC55CA20-31EE-4804-92B2-DCD0C6CFE653}.Release|Any CPU.ActiveCfg = Release|Any CPU
		{EC55CA20-31EE-4804-92B2-DCD0C6CFE653}.Release|Any CPU.Build.0 = Release|Any CPU
		{F6B77529-7AF0-4CCF-B78C-F5067D498597}.Debug|Any CPU.ActiveCfg = Debug|Any CPU
		{F6B77529-7AF0-4CCF-B78C-F5067D498597}.Debug|Any CPU.Build.0 = Debug|Any CPU
		{F6B77529-7AF0-4CCF-B78C-F5067D498597}.Release|Any CPU.ActiveCfg = Release|Any CPU
		{F6B77529-7AF0-4CCF-B78C-F5067D498597}.Release|Any CPU.Build.0 = Release|Any CPU
	EndGlobalSection
	GlobalSection(SolutionProperties) = preSolution
		HideSolutionNode = FALSE
	EndGlobalSection
	GlobalSection(ExtensibilityGlobals) = postSolution
		SolutionGuid = {58EDBC32-3DB5-45F2-80A0-8E3B487798C4}
	EndGlobalSection
EndGlobal
