
Microsoft Visual Studio Solution File, Format Version 12.00
# Visual Studio Version 17
VisualStudioVersion = 17.3.32929.385
MinimumVisualStudioVersion = 10.0.40219.1
Project("{FAE04EC0-301F-11D3-BF4B-00C04F79EFBC}") = "ITMO.CSharp.Lab1.Ex1.Greeting", "ITMO2022.CSharp.Labs.Lab1.GreetingAndDivider\ITMO.CSharp.Lab1.Ex1.Greeting\ITMO.CSharp.Lab1.Ex1.Greeting.csproj", "{F643AA8C-AD89-4A1F-9C85-F7C3AB678A1F}"
EndProject
Project("{FAE04EC0-301F-11D3-BF4B-00C04F79EFBC}") = "ITMO.CSharp.Lab1.Ex4.Divider", "ITMO2022.CSharp.Labs.Lab1.GreetingAndDivider\ITMO.CSharp.Lab1.Ex4.Divider\ITMO.CSharp.Lab1.Ex4.Divider.csproj", "{CB900C04-0777-4756-AD5E-0F44E782C818}"
EndProject
Project("{FAE04EC0-301F-11D3-BF4B-00C04F79EFBC}") = "ITMO.CSharp.Lab2.Ex1.BankAccount", "ITMO2022.CSharp.Labs.Lab2.StructTypeAndBankAccount\ITMO.CSharp.Lab2.Ex1.BankAccount\ITMO.CSharp.Lab2.Ex1.BankAccount.csproj", "{45FA4CF6-40F5-42A9-8DA8-02AC84D06591}"
EndProject
Project("{FAE04EC0-301F-11D3-BF4B-00C04F79EFBC}") = "ITMO.CSharp.Lab2.Ex2.StructType", "ITMO2022.CSharp.Labs.Lab2.StructTypeAndBankAccount\ITMO.CSharp.Lab2.Ex2.StructType\ITMO.CSharp.Lab2.Ex2.StructType.csproj", "{0949CB04-0360-4CFB-BA86-4CA31D938646}"
EndProject
Project("{FAE04EC0-301F-11D3-BF4B-00C04F79EFBC}") = "ITMO.CSharp.Lab2.Ex3.StructTypeIO", "ITMO2022.CSharp.Labs.Lab2.StructTypeAndBankAccount\ITMO.CSharp.Lab2.Ex3.StructTypeIO\ITMO.CSharp.Lab2.Ex3.StructTypeIO.csproj", "{52FE38D4-A1D1-4C21-9F3B-8BA60FFC6AAF}"
EndProject
Project("{FAE04EC0-301F-11D3-BF4B-00C04F79EFBC}") = "ITMO2022.CSharp.Labs.Lab3.Ex1.WhatDay1", "ITMO2022.CSharp.Labs.Lab3.WhatDays\ITMO2022.CSharp.Labs.Lab3.Ex1.WhatDay1\ITMO2022.CSharp.Labs.Lab3.Ex1.WhatDay1.csproj", "{BAEE7DCA-393C-44FD-875D-0AA4EE47CDCC}"
EndProject
Project("{FAE04EC0-301F-11D3-BF4B-00C04F79EFBC}") = "ITMO2022.CSharp.Labs.Lab3.Ex2.WhatDay2", "ITMO2022.CSharp.Labs.Lab3.WhatDays\ITMO2022.CSharp.Labs.Lab3.Ex2.WhatDay2\ITMO2022.CSharp.Labs.Lab3.Ex2.WhatDay2.csproj", "{AC1A9787-2EA9-4E7F-A1BC-DD639DBEA81F}"
EndProject
Project("{FAE04EC0-301F-11D3-BF4B-00C04F79EFBC}") = "ITMO2022.CSharp.Labs.Lab3.Ex3.WhatDay3", "ITMO2022.CSharp.Labs.Lab3.WhatDays\ITMO2022.CSharp.Labs.Lab3.Ex3.WhatDay3\ITMO2022.CSharp.Labs.Lab3.Ex3.WhatDay3.csproj", "{6590E7CD-C063-4E41-B047-CD700B01A313}"
EndProject
Project("{FAE04EC0-301F-11D3-BF4B-00C04F79EFBC}") = "ITMO2022.CSharp.Labs.Lab4.Ex1to3", "ITMO2022.CSharp.Labs.Lab4.GreaterAndSwapAndFactorial\ITMO2022.CSharp.Labs.Lab4.Ex1to3\ITMO2022.CSharp.Labs.Lab4.Ex1to3.csproj", "{977D3DC8-E888-42F1-9466-736B29803BB4}"
EndProject
Project("{FAE04EC0-301F-11D3-BF4B-00C04F79EFBC}") = "ITMO2022.CSharp.Labs.Lab5.Ex1.FileDetails", "ITMO2022.CSharp.Labs.Lab5.FileDetailsAndMatrixMultiply\ITMO2022.CSharp.Labs.Lab5.Ex1.FileDetails\ITMO2022.CSharp.Labs.Lab5.Ex1.FileDetails.csproj", "{AB09E0A3-C10F-411C-B5AC-8479F009C054}"
EndProject
Project("{FAE04EC0-301F-11D3-BF4B-00C04F79EFBC}") = "ITMO2022.CSharp.Labs.Lab6.Ex1.CreateAccount", "ITMO2022.CSharp.Labs.Lab6.BankAccAndUniqueNumAndMoreMethods\ITMO2022.CSharp.Lab6.Ex1.BankAcc\ITMO2022.CSharp.Labs.Lab6.Ex1.CreateAccount.csproj", "{09F2B0E3-87D6-4978-A91B-18144A759FD7}"
EndProject
Project("{FAE04EC0-301F-11D3-BF4B-00C04F79EFBC}") = "ITMO2022.CSharp.Labs.Lab6.Ex1.UniqueNUms", "ITMO2022.CSharp.Labs.Lab6.BankAccAndUniqueNumAndMoreMethods\ITMO2022.CSharp.Lab6.Ex2.UniqueNum\ITMO2022.CSharp.Labs.Lab6.Ex1.UniqueNUms.csproj", "{4397FCF2-87D3-43A8-AA49-5F3AA10784C1}"
EndProject
Project("{FAE04EC0-301F-11D3-BF4B-00C04F79EFBC}") = "ITMO2022.CSharp.Labs.Lab6.Ex1.MoreMeths", "ITMO2022.CSharp.Labs.Lab6.BankAccAndUniqueNumAndMoreMethods\ITMO2022.CSharp.Lab6.Ex3.MoreMeths\ITMO2022.CSharp.Labs.Lab6.Ex1.MoreMeths.csproj", "{B0A7A9BB-86BF-4520-B138-0A8C5E7495EF}"
EndProject
Project("{FAE04EC0-301F-11D3-BF4B-00C04F79EFBC}") = "ITMO2022.CSharp.Lab7.Ex1.Bank", "ITMO2022.CSharp.Labs.Lab7.BankAndUtils\ITMO2022.CSharp.Lab7.Ex1.Bank\ITMO2022.CSharp.Lab7.Ex1.Bank.csproj", "{AE64DDB7-892C-4C58-AF09-1FF08C7CA0A9}"
EndProject
Project("{FAE04EC0-301F-11D3-BF4B-00C04F79EFBC}") = "ITMO2022.CSharp.Lab7.Ex2.Utils", "ITMO2022.CSharp.Labs.Lab7.BankAndUtils\ITMO2022.CSharp.Lab7.Ex2.Utils\ITMO2022.CSharp.Lab7.Ex2.Utils.csproj", "{31B0839E-762B-49B6-89C4-03922F9E2C16}"
EndProject
Project("{FAE04EC0-301F-11D3-BF4B-00C04F79EFBC}") = "ITMO2022.CSharp.Lab8.Ex1AndEx2.Constructors", "ITMO2022.CSharp.Labs.Lab8.ConstructorsAndFinalizers\ITMO2022.CSharp.Lab8.Ex1AndEx2.Constructors\ITMO2022.CSharp.Lab8.Ex1AndEx2.Constructors.csproj", "{D190F1BB-EE0B-4575-9527-33029624E154}"
EndProject
Project("{FAE04EC0-301F-11D3-BF4B-00C04F79EFBC}") = "ITMO2022.CSharp.Lab8.Ex3.Finalizers", "ITMO2022.CSharp.Labs.Lab8.ConstructorsAndFinalizers\ITMO2022.CSharp.Lab8.Ex3.Finalizers\ITMO2022.CSharp.Lab8.Ex3.Finalizers.csproj", "{1CC0D258-26D5-4D9B-A1FD-89C9A368C1F9}"
EndProject
Project("{FAE04EC0-301F-11D3-BF4B-00C04F79EFBC}") = "ITMO2022.CSharp.Lab9.Ex1.ColorTokeniser", "ITMO2022.CSharp.Labs.Lab9.ColorTokeniserAndColourSyntaxApp\ITMO2022.CSharp.Lab9.Ex1.ColorTokeniser\ITMO2022.CSharp.Lab9.Ex1.ColorTokeniser.csproj", "{E90F222B-6077-40A5-80AD-A200D1FDCF78}"
EndProject
Project("{FAE04EC0-301F-11D3-BF4B-00C04F79EFBC}") = "ITMO2022.CSharp.Lab9.Ex2.ColorSyntaxApp", "ITMO2022.CSharp.Labs.Lab9.ColorTokeniserAndColourSyntaxApp\ITMO2022.CSharp.Lab9.Ex2.ColorSyntaxApp\ITMO2022.CSharp.Lab9.Ex2.ColorSyntaxApp.csproj", "{F321982F-EA7E-47CB-8E90-C59CE6357FC8}"
EndProject
Project("{FAE04EC0-301F-11D3-BF4B-00C04F79EFBC}") = "ITMO2022.CSharp.Lab10.Ex1.BankInternal", "ITMO2022.CSharp.Labs.Lab10.BankInternalAndBanking\ITMO2022.CSharp.Lab10.Ex1.BankInternal\ITMO2022.CSharp.Lab10.Ex1.BankInternal.csproj", "{A755563E-E079-4171-9CC7-999E2FF8E97D}"
EndProject
Project("{FAE04EC0-301F-11D3-BF4B-00C04F79EFBC}") = "ITMO2022.CSharp.Lab10.Ex2.Banking", "ITMO2022.CSharp.Labs.Lab10.BankInternalAndBanking\ITMO2022.CSharp.Lab10.Ex2.Banking\ITMO2022.CSharp.Lab10.Ex2.Banking.csproj", "{B6178EF1-A5D5-4E0D-8F63-5D173A9A6B64}"
EndProject
Project("{FAE04EC0-301F-11D3-BF4B-00C04F79EFBC}") = "ITMO2022.CSharp.Lab11.Ex1.OperatorOverload", "ITMO2022.CSharp.Labs.Lab11.OperatorOverloadAndEvents\ITMO2022.CSharp.Lab11.Ex1.OperatorOverload\ITMO2022.CSharp.Lab11.Ex1.OperatorOverload.csproj", "{8EA371F5-38B2-4164-BFC1-3D38707C7FCA}"
EndProject
Project("{FAE04EC0-301F-11D3-BF4B-00C04F79EFBC}") = "ITMO2022.CSharp.Lab11.Ex2.Events", "ITMO2022.CSharp.Labs.Lab11.OperatorOverloadAndEvents\ITMO2022.CSharp.Lab11.Ex2.Events\ITMO2022.CSharp.Lab11.Ex2.Events.csproj", "{23BDB89A-6DC3-4DCC-9FBE-ED71BC67CE15}"
EndProject
Project("{FAE04EC0-301F-11D3-BF4B-00C04F79EFBC}") = "ITMO2022.CSharp.Lab13.Ex2.DeveloperInfoAttribute", "ITMO2022.CSharp.Labs.Lab13.ConditionalAndDeveloperInfoAttribute\ITMO2022.CSharp.Lab13.Ex2.DeveloperInfoAttribute\RATIONAL\ITMO2022.CSharp.Lab13.Ex2.DeveloperInfoAttribute.csproj", "{49DAC9D3-695D-46A1-96EF-8F3EF238A773}"
EndProject
Project("{FAE04EC0-301F-11D3-BF4B-00C04F79EFBC}") = "ITMO2022.CSharp.Lab13.Ex1.Conditional", "ITMO2022.CSharp.Labs.Lab13.ConditionalAndDeveloperInfoAttribute\ITMO2022.CSharp.Lab13.Ex1.Conditional\TESTHARNESS\ITMO2022.CSharp.Lab13.Ex1.Conditional.csproj", "{29F9953A-B627-4485-8E5E-216BBDE97DF9}"
EndProject
Project("{FAE04EC0-301F-11D3-BF4B-00C04F79EFBC}") = "ITMO2022.CSharp.Lab12.Ex1.TESTHARNESS", "ITMO2022.CSharp.Labs.Lab12.BankAccountAndBankTransactionAndIndexer\ITMO2022.CSharp.Lab12.Ex1AndEx2AndEx3\TESTHARNESS\ITMO2022.CSharp.Lab12.Ex1.TESTHARNESS.csproj", "{7C1E918C-646F-4C39-B970-73CB1E4A8119}"
EndProject
Project("{FAE04EC0-301F-11D3-BF4B-00C04F79EFBC}") = "ITMO2022.CSharp.Labs.Lab5.Ex2.MatrixMultiply", "ITMO2022.CSharp.Labs.Lab5.FileDetailsAndMatrixMultiply\ITMO2022.CSharp.Labs.Lab5.Ex2.MatrixMultiply\ITMO2022.CSharp.Labs.Lab5.Ex2.MatrixMultiply.csproj", "{0DB94CD6-BE05-42BE-970D-6A529AB2364F}"
EndProject
Global
	GlobalSection(SolutionConfigurationPlatforms) = preSolution
		Debug|Any CPU = Debug|Any CPU
		Release|Any CPU = Release|Any CPU
	EndGlobalSection
	GlobalSection(ProjectConfigurationPlatforms) = postSolution
		{F643AA8C-AD89-4A1F-9C85-F7C3AB678A1F}.Debug|Any CPU.ActiveCfg = Debug|Any CPU
		{F643AA8C-AD89-4A1F-9C85-F7C3AB678A1F}.Debug|Any CPU.Build.0 = Debug|Any CPU
		{F643AA8C-AD89-4A1F-9C85-F7C3AB678A1F}.Release|Any CPU.ActiveCfg = Release|Any CPU
		{F643AA8C-AD89-4A1F-9C85-F7C3AB678A1F}.Release|Any CPU.Build.0 = Release|Any CPU
		{CB900C04-0777-4756-AD5E-0F44E782C818}.Debug|Any CPU.ActiveCfg = Debug|Any CPU
		{CB900C04-0777-4756-AD5E-0F44E782C818}.Debug|Any CPU.Build.0 = Debug|Any CPU
		{CB900C04-0777-4756-AD5E-0F44E782C818}.Release|Any CPU.ActiveCfg = Release|Any CPU
		{CB900C04-0777-4756-AD5E-0F44E782C818}.Release|Any CPU.Build.0 = Release|Any CPU
		{45FA4CF6-40F5-42A9-8DA8-02AC84D06591}.Debug|Any CPU.ActiveCfg = Debug|Any CPU
		{45FA4CF6-40F5-42A9-8DA8-02AC84D06591}.Debug|Any CPU.Build.0 = Debug|Any CPU
		{45FA4CF6-40F5-42A9-8DA8-02AC84D06591}.Release|Any CPU.ActiveCfg = Release|Any CPU
		{45FA4CF6-40F5-42A9-8DA8-02AC84D06591}.Release|Any CPU.Build.0 = Release|Any CPU
		{0949CB04-0360-4CFB-BA86-4CA31D938646}.Debug|Any CPU.ActiveCfg = Debug|Any CPU
		{0949CB04-0360-4CFB-BA86-4CA31D938646}.Debug|Any CPU.Build.0 = Debug|Any CPU
		{0949CB04-0360-4CFB-BA86-4CA31D938646}.Release|Any CPU.ActiveCfg = Release|Any CPU
		{0949CB04-0360-4CFB-BA86-4CA31D938646}.Release|Any CPU.Build.0 = Release|Any CPU
		{52FE38D4-A1D1-4C21-9F3B-8BA60FFC6AAF}.Debug|Any CPU.ActiveCfg = Debug|Any CPU
		{52FE38D4-A1D1-4C21-9F3B-8BA60FFC6AAF}.Debug|Any CPU.Build.0 = Debug|Any CPU
		{52FE38D4-A1D1-4C21-9F3B-8BA60FFC6AAF}.Release|Any CPU.ActiveCfg = Release|Any CPU
		{52FE38D4-A1D1-4C21-9F3B-8BA60FFC6AAF}.Release|Any CPU.Build.0 = Release|Any CPU
		{BAEE7DCA-393C-44FD-875D-0AA4EE47CDCC}.Debug|Any CPU.ActiveCfg = Debug|Any CPU
		{BAEE7DCA-393C-44FD-875D-0AA4EE47CDCC}.Debug|Any CPU.Build.0 = Debug|Any CPU
		{BAEE7DCA-393C-44FD-875D-0AA4EE47CDCC}.Release|Any CPU.ActiveCfg = Release|Any CPU
		{BAEE7DCA-393C-44FD-875D-0AA4EE47CDCC}.Release|Any CPU.Build.0 = Release|Any CPU
		{AC1A9787-2EA9-4E7F-A1BC-DD639DBEA81F}.Debug|Any CPU.ActiveCfg = Debug|Any CPU
		{AC1A9787-2EA9-4E7F-A1BC-DD639DBEA81F}.Debug|Any CPU.Build.0 = Debug|Any CPU
		{AC1A9787-2EA9-4E7F-A1BC-DD639DBEA81F}.Release|Any CPU.ActiveCfg = Release|Any CPU
		{AC1A9787-2EA9-4E7F-A1BC-DD639DBEA81F}.Release|Any CPU.Build.0 = Release|Any CPU
		{6590E7CD-C063-4E41-B047-CD700B01A313}.Debug|Any CPU.ActiveCfg = Debug|Any CPU
		{6590E7CD-C063-4E41-B047-CD700B01A313}.Debug|Any CPU.Build.0 = Debug|Any CPU
		{6590E7CD-C063-4E41-B047-CD700B01A313}.Release|Any CPU.ActiveCfg = Release|Any CPU
		{6590E7CD-C063-4E41-B047-CD700B01A313}.Release|Any CPU.Build.0 = Release|Any CPU
		{977D3DC8-E888-42F1-9466-736B29803BB4}.Debug|Any CPU.ActiveCfg = Debug|Any CPU
		{977D3DC8-E888-42F1-9466-736B29803BB4}.Debug|Any CPU.Build.0 = Debug|Any CPU
		{977D3DC8-E888-42F1-9466-736B29803BB4}.Release|Any CPU.ActiveCfg = Release|Any CPU
		{977D3DC8-E888-42F1-9466-736B29803BB4}.Release|Any CPU.Build.0 = Release|Any CPU
		{AB09E0A3-C10F-411C-B5AC-8479F009C054}.Debug|Any CPU.ActiveCfg = Debug|Any CPU
		{AB09E0A3-C10F-411C-B5AC-8479F009C054}.Debug|Any CPU.Build.0 = Debug|Any CPU
		{AB09E0A3-C10F-411C-B5AC-8479F009C054}.Release|Any CPU.ActiveCfg = Release|Any CPU
		{AB09E0A3-C10F-411C-B5AC-8479F009C054}.Release|Any CPU.Build.0 = Release|Any CPU
		{09F2B0E3-87D6-4978-A91B-18144A759FD7}.Debug|Any CPU.ActiveCfg = Debug|Any CPU
		{09F2B0E3-87D6-4978-A91B-18144A759FD7}.Debug|Any CPU.Build.0 = Debug|Any CPU
		{09F2B0E3-87D6-4978-A91B-18144A759FD7}.Release|Any CPU.ActiveCfg = Release|Any CPU
		{09F2B0E3-87D6-4978-A91B-18144A759FD7}.Release|Any CPU.Build.0 = Release|Any CPU
		{4397FCF2-87D3-43A8-AA49-5F3AA10784C1}.Debug|Any CPU.ActiveCfg = Debug|Any CPU
		{4397FCF2-87D3-43A8-AA49-5F3AA10784C1}.Debug|Any CPU.Build.0 = Debug|Any CPU
		{4397FCF2-87D3-43A8-AA49-5F3AA10784C1}.Release|Any CPU.ActiveCfg = Release|Any CPU
		{4397FCF2-87D3-43A8-AA49-5F3AA10784C1}.Release|Any CPU.Build.0 = Release|Any CPU
		{B0A7A9BB-86BF-4520-B138-0A8C5E7495EF}.Debug|Any CPU.ActiveCfg = Debug|Any CPU
		{B0A7A9BB-86BF-4520-B138-0A8C5E7495EF}.Debug|Any CPU.Build.0 = Debug|Any CPU
		{B0A7A9BB-86BF-4520-B138-0A8C5E7495EF}.Release|Any CPU.ActiveCfg = Release|Any CPU
		{B0A7A9BB-86BF-4520-B138-0A8C5E7495EF}.Release|Any CPU.Build.0 = Release|Any CPU
		{AE64DDB7-892C-4C58-AF09-1FF08C7CA0A9}.Debug|Any CPU.ActiveCfg = Debug|Any CPU
		{AE64DDB7-892C-4C58-AF09-1FF08C7CA0A9}.Debug|Any CPU.Build.0 = Debug|Any CPU
		{AE64DDB7-892C-4C58-AF09-1FF08C7CA0A9}.Release|Any CPU.ActiveCfg = Release|Any CPU
		{AE64DDB7-892C-4C58-AF09-1FF08C7CA0A9}.Release|Any CPU.Build.0 = Release|Any CPU
		{31B0839E-762B-49B6-89C4-03922F9E2C16}.Debug|Any CPU.ActiveCfg = Debug|Any CPU
		{31B0839E-762B-49B6-89C4-03922F9E2C16}.Debug|Any CPU.Build.0 = Debug|Any CPU
		{31B0839E-762B-49B6-89C4-03922F9E2C16}.Release|Any CPU.ActiveCfg = Release|Any CPU
		{31B0839E-762B-49B6-89C4-03922F9E2C16}.Release|Any CPU.Build.0 = Release|Any CPU
		{D190F1BB-EE0B-4575-9527-33029624E154}.Debug|Any CPU.ActiveCfg = Debug|Any CPU
		{D190F1BB-EE0B-4575-9527-33029624E154}.Debug|Any CPU.Build.0 = Debug|Any CPU
		{D190F1BB-EE0B-4575-9527-33029624E154}.Release|Any CPU.ActiveCfg = Release|Any CPU
		{D190F1BB-EE0B-4575-9527-33029624E154}.Release|Any CPU.Build.0 = Release|Any CPU
		{1CC0D258-26D5-4D9B-A1FD-89C9A368C1F9}.Debug|Any CPU.ActiveCfg = Debug|Any CPU
		{1CC0D258-26D5-4D9B-A1FD-89C9A368C1F9}.Debug|Any CPU.Build.0 = Debug|Any CPU
		{1CC0D258-26D5-4D9B-A1FD-89C9A368C1F9}.Release|Any CPU.ActiveCfg = Release|Any CPU
		{1CC0D258-26D5-4D9B-A1FD-89C9A368C1F9}.Release|Any CPU.Build.0 = Release|Any CPU
		{E90F222B-6077-40A5-80AD-A200D1FDCF78}.Debug|Any CPU.ActiveCfg = Debug|Any CPU
		{E90F222B-6077-40A5-80AD-A200D1FDCF78}.Debug|Any CPU.Build.0 = Debug|Any CPU
		{E90F222B-6077-40A5-80AD-A200D1FDCF78}.Release|Any CPU.ActiveCfg = Release|Any CPU
		{E90F222B-6077-40A5-80AD-A200D1FDCF78}.Release|Any CPU.Build.0 = Release|Any CPU
		{F321982F-EA7E-47CB-8E90-C59CE6357FC8}.Debug|Any CPU.ActiveCfg = Debug|Any CPU
		{F321982F-EA7E-47CB-8E90-C59CE6357FC8}.Debug|Any CPU.Build.0 = Debug|Any CPU
		{F321982F-EA7E-47CB-8E90-C59CE6357FC8}.Release|Any CPU.ActiveCfg = Release|Any CPU
		{F321982F-EA7E-47CB-8E90-C59CE6357FC8}.Release|Any CPU.Build.0 = Release|Any CPU
		{A755563E-E079-4171-9CC7-999E2FF8E97D}.Debug|Any CPU.ActiveCfg = Debug|Any CPU
		{A755563E-E079-4171-9CC7-999E2FF8E97D}.Debug|Any CPU.Build.0 = Debug|Any CPU
		{A755563E-E079-4171-9CC7-999E2FF8E97D}.Release|Any CPU.ActiveCfg = Release|Any CPU
		{A755563E-E079-4171-9CC7-999E2FF8E97D}.Release|Any CPU.Build.0 = Release|Any CPU
		{B6178EF1-A5D5-4E0D-8F63-5D173A9A6B64}.Debug|Any CPU.ActiveCfg = Debug|Any CPU
		{B6178EF1-A5D5-4E0D-8F63-5D173A9A6B64}.Debug|Any CPU.Build.0 = Debug|Any CPU
		{B6178EF1-A5D5-4E0D-8F63-5D173A9A6B64}.Release|Any CPU.ActiveCfg = Release|Any CPU
		{B6178EF1-A5D5-4E0D-8F63-5D173A9A6B64}.Release|Any CPU.Build.0 = Release|Any CPU
		{8EA371F5-38B2-4164-BFC1-3D38707C7FCA}.Debug|Any CPU.ActiveCfg = Debug|Any CPU
		{8EA371F5-38B2-4164-BFC1-3D38707C7FCA}.Debug|Any CPU.Build.0 = Debug|Any CPU
		{8EA371F5-38B2-4164-BFC1-3D38707C7FCA}.Release|Any CPU.ActiveCfg = Release|Any CPU
		{8EA371F5-38B2-4164-BFC1-3D38707C7FCA}.Release|Any CPU.Build.0 = Release|Any CPU
		{23BDB89A-6DC3-4DCC-9FBE-ED71BC67CE15}.Debug|Any CPU.ActiveCfg = Debug|Any CPU
		{23BDB89A-6DC3-4DCC-9FBE-ED71BC67CE15}.Debug|Any CPU.Build.0 = Debug|Any CPU
		{23BDB89A-6DC3-4DCC-9FBE-ED71BC67CE15}.Release|Any CPU.ActiveCfg = Release|Any CPU
		{23BDB89A-6DC3-4DCC-9FBE-ED71BC67CE15}.Release|Any CPU.Build.0 = Release|Any CPU
		{49DAC9D3-695D-46A1-96EF-8F3EF238A773}.Debug|Any CPU.ActiveCfg = Debug|Any CPU
		{49DAC9D3-695D-46A1-96EF-8F3EF238A773}.Debug|Any CPU.Build.0 = Debug|Any CPU
		{49DAC9D3-695D-46A1-96EF-8F3EF238A773}.Release|Any CPU.ActiveCfg = Release|Any CPU
		{49DAC9D3-695D-46A1-96EF-8F3EF238A773}.Release|Any CPU.Build.0 = Release|Any CPU
		{29F9953A-B627-4485-8E5E-216BBDE97DF9}.Debug|Any CPU.ActiveCfg = Debug|Any CPU
		{29F9953A-B627-4485-8E5E-216BBDE97DF9}.Debug|Any CPU.Build.0 = Debug|Any CPU
		{29F9953A-B627-4485-8E5E-216BBDE97DF9}.Release|Any CPU.ActiveCfg = Release|Any CPU
		{29F9953A-B627-4485-8E5E-216BBDE97DF9}.Release|Any CPU.Build.0 = Release|Any CPU
		{7C1E918C-646F-4C39-B970-73CB1E4A8119}.Debug|Any CPU.ActiveCfg = Debug|Any CPU
		{7C1E918C-646F-4C39-B970-73CB1E4A8119}.Debug|Any CPU.Build.0 = Debug|Any CPU
		{7C1E918C-646F-4C39-B970-73CB1E4A8119}.Release|Any CPU.ActiveCfg = Release|Any CPU
		{7C1E918C-646F-4C39-B970-73CB1E4A8119}.Release|Any CPU.Build.0 = Release|Any CPU
		{0DB94CD6-BE05-42BE-970D-6A529AB2364F}.Debug|Any CPU.ActiveCfg = Debug|Any CPU
		{0DB94CD6-BE05-42BE-970D-6A529AB2364F}.Debug|Any CPU.Build.0 = Debug|Any CPU
		{0DB94CD6-BE05-42BE-970D-6A529AB2364F}.Release|Any CPU.ActiveCfg = Release|Any CPU
		{0DB94CD6-BE05-42BE-970D-6A529AB2364F}.Release|Any CPU.Build.0 = Release|Any CPU
	EndGlobalSection
	GlobalSection(SolutionProperties) = preSolution
		HideSolutionNode = FALSE
	EndGlobalSection
	GlobalSection(ExtensibilityGlobals) = postSolution
		SolutionGuid = {ABCD41B9-C361-4D79-B336-505BD1EEF6F7}
	EndGlobalSection
EndGlobal
