
Microsoft Visual Studio Solution File, Format Version 12.00
# Visual Studio Version 17
VisualStudioVersion = 17.3.32929.385
MinimumVisualStudioVersion = 10.0.40219.1
Project("{FAE04EC0-301F-11D3-BF4B-00C04F79EFBC}") = "ITMO.CSharp.Lab1.Ex1.Greeting", "ITMO2022.CSharp.Labs.Lab1.GreetingAndDivider\ITMO.CSharp.Lab1.Ex1.Greeting\ITMO.CSharp.Lab1.Ex1.Greeting.csproj", "{F643AA8C-AD89-4A1F-9C85-F7C3AB678A1F}"
EndProject
Project("{FAE04EC0-301F-11D3-BF4B-00C04F79EFBC}") = "ITMO.CSharp.Lab1.Ex4.Divider", "ITMO2022.CSharp.Labs.Lab1.GreetingAndDivider\ITMO.CSharp.Lab1.Ex4.Divider\ITMO.CSharp.Lab1.Ex4.Divider.csproj", "{CB900C04-0777-4756-AD5E-0F44E782C818}"
EndProject
Project("{FAE04EC0-301F-11D3-BF4B-00C04F79EFBC}") = "ITMO.CSharp.Lab2.Ex1.BankAccount", "ITMO2022.CSharp.Labs.Lab2.StructTypeAndBankAccount\ITMO.CSharp.Lab2.Ex1.BankAccount\ITMO.CSharp.Lab2.Ex1.BankAccount.csproj", "{45FA4CF6-40F5-42A9-8DA8-02AC84D06591}"
EndProject
Project("{FAE04EC0-301F-11D3-BF4B-00C04F79EFBC}") = "ITMO.CSharp.Lab2.Ex2.StructType", "ITMO2022.CSharp.Labs.Lab2.StructTypeAndBankAccount\ITMO.CSharp.Lab2.Ex2.StructType\ITMO.CSharp.Lab2.Ex2.StructType.csproj", "{0949CB04-0360-4CFB-BA86-4CA31D938646}"
EndProject
Project("{FAE04EC0-301F-11D3-BF4B-00C04F79EFBC}") = "ITMO.CSharp.Lab2.Ex3.StructTypeIO", "ITMO2022.CSharp.Labs.Lab2.StructTypeAndBankAccount\ITMO.CSharp.Lab2.Ex3.StructTypeIO\ITMO.CSharp.Lab2.Ex3.StructTypeIO.csproj", "{52FE38D4-A1D1-4C21-9F3B-8BA60FFC6AAF}"
EndProject
Project("{FAE04EC0-301F-11D3-BF4B-00C04F79EFBC}") = "ITMO2022.CSharp.Labs.Lab3.Ex1.WhatDay1", "ITMO2022.CSharp.Labs.Lab3.WhatDays\ITMO2022.CSharp.Labs.Lab3.Ex1.WhatDay1\ITMO2022.CSharp.Labs.Lab3.Ex1.WhatDay1.csproj", "{BAEE7DCA-393C-44FD-875D-0AA4EE47CDCC}"
EndProject
Project("{FAE04EC0-301F-11D3-BF4B-00C04F79EFBC}") = "ITMO2022.CSharp.Labs.Lab3.Ex2.WhatDay2", "ITMO2022.CSharp.Labs.Lab3.WhatDays\ITMO2022.CSharp.Labs.Lab3.Ex2.WhatDay2\ITMO2022.CSharp.Labs.Lab3.Ex2.WhatDay2.csproj", "{AC1A9787-2EA9-4E7F-A1BC-DD639DBEA81F}"
EndProject
Project("{FAE04EC0-301F-11D3-BF4B-00C04F79EFBC}") = "ITMO2022.CSharp.Labs.Lab3.Ex3.WhatDay3", "ITMO2022.CSharp.Labs.Lab3.WhatDays\ITMO2022.CSharp.Labs.Lab3.Ex3.WhatDay3\ITMO2022.CSharp.Labs.Lab3.Ex3.WhatDay3.csproj", "{6590E7CD-C063-4E41-B047-CD700B01A313}"
EndProject
Project("{FAE04EC0-301F-11D3-BF4B-00C04F79EFBC}") = "ITMO2022.CSharp.Labs.Lab4.Ex1to3", "ITMO2022.CSharp.Labs.Lab4.GreaterAndSwapAndFactorial\ITMO2022.CSharp.Labs.Lab4.Ex1to3\ITMO2022.CSharp.Labs.Lab4.Ex1to3.csproj", "{977D3DC8-E888-42F1-9466-736B29803BB4}"
EndProject
Project("{FAE04EC0-301F-11D3-BF4B-00C04F79EFBC}") = "ITMO2022.CSharp.Labs.Lab5.Ex1.FileDetails", "ITMO2022.CSharp.Labs.Lab5.FileDetailsAndMatrixMultiply\ITMO2022.CSharp.Labs.Lab5.Ex1.FileDetails\ITMO2022.CSharp.Labs.Lab5.Ex1.FileDetails.csproj", "{AB09E0A3-C10F-411C-B5AC-8479F009C054}"
EndProject
Project("{FAE04EC0-301F-11D3-BF4B-00C04F79EFBC}") = "Lab5.Ex2.MatrixMultiply", "ITMO2022.CSharp.Labs.Lab5.FileDetailsAndMatrixMultiply\Lab5.Ex2.MatrixMultiply\Lab5.Ex2.MatrixMultiply.csproj", "{A3B01105-8AD9-46A5-B4DF-91525B59EEC7}"
EndProject
Global
	GlobalSection(SolutionConfigurationPlatforms) = preSolution
		Debug|Any CPU = Debug|Any CPU
		Release|Any CPU = Release|Any CPU
	EndGlobalSection
	GlobalSection(ProjectConfigurationPlatforms) = postSolution
		{F643AA8C-AD89-4A1F-9C85-F7C3AB678A1F}.Debug|Any CPU.ActiveCfg = Debug|Any CPU
		{F643AA8C-AD89-4A1F-9C85-F7C3AB678A1F}.Debug|Any CPU.Build.0 = Debug|Any CPU
		{F643AA8C-AD89-4A1F-9C85-F7C3AB678A1F}.Release|Any CPU.ActiveCfg = Release|Any CPU
		{F643AA8C-AD89-4A1F-9C85-F7C3AB678A1F}.Release|Any CPU.Build.0 = Release|Any CPU
		{CB900C04-0777-4756-AD5E-0F44E782C818}.Debug|Any CPU.ActiveCfg = Debug|Any CPU
		{CB900C04-0777-4756-AD5E-0F44E782C818}.Debug|Any CPU.Build.0 = Debug|Any CPU
		{CB900C04-0777-4756-AD5E-0F44E782C818}.Release|Any CPU.ActiveCfg = Release|Any CPU
		{CB900C04-0777-4756-AD5E-0F44E782C818}.Release|Any CPU.Build.0 = Release|Any CPU
		{45FA4CF6-40F5-42A9-8DA8-02AC84D06591}.Debug|Any CPU.ActiveCfg = Debug|Any CPU
		{45FA4CF6-40F5-42A9-8DA8-02AC84D06591}.Debug|Any CPU.Build.0 = Debug|Any CPU
		{45FA4CF6-40F5-42A9-8DA8-02AC84D06591}.Release|Any CPU.ActiveCfg = Release|Any CPU
		{45FA4CF6-40F5-42A9-8DA8-02AC84D06591}.Release|Any CPU.Build.0 = Release|Any CPU
		{0949CB04-0360-4CFB-BA86-4CA31D938646}.Debug|Any CPU.ActiveCfg = Debug|Any CPU
		{0949CB04-0360-4CFB-BA86-4CA31D938646}.Debug|Any CPU.Build.0 = Debug|Any CPU
		{0949CB04-0360-4CFB-BA86-4CA31D938646}.Release|Any CPU.ActiveCfg = Release|Any CPU
		{0949CB04-0360-4CFB-BA86-4CA31D938646}.Release|Any CPU.Build.0 = Release|Any CPU
		{52FE38D4-A1D1-4C21-9F3B-8BA60FFC6AAF}.Debug|Any CPU.ActiveCfg = Debug|Any CPU
		{52FE38D4-A1D1-4C21-9F3B-8BA60FFC6AAF}.Debug|Any CPU.Build.0 = Debug|Any CPU
		{52FE38D4-A1D1-4C21-9F3B-8BA60FFC6AAF}.Release|Any CPU.ActiveCfg = Release|Any CPU
		{52FE38D4-A1D1-4C21-9F3B-8BA60FFC6AAF}.Release|Any CPU.Build.0 = Release|Any CPU
		{BAEE7DCA-393C-44FD-875D-0AA4EE47CDCC}.Debug|Any CPU.ActiveCfg = Debug|Any CPU
		{BAEE7DCA-393C-44FD-875D-0AA4EE47CDCC}.Debug|Any CPU.Build.0 = Debug|Any CPU
		{BAEE7DCA-393C-44FD-875D-0AA4EE47CDCC}.Release|Any CPU.ActiveCfg = Release|Any CPU
		{BAEE7DCA-393C-44FD-875D-0AA4EE47CDCC}.Release|Any CPU.Build.0 = Release|Any CPU
		{AC1A9787-2EA9-4E7F-A1BC-DD639DBEA81F}.Debug|Any CPU.ActiveCfg = Debug|Any CPU
		{AC1A9787-2EA9-4E7F-A1BC-DD639DBEA81F}.Debug|Any CPU.Build.0 = Debug|Any CPU
		{AC1A9787-2EA9-4E7F-A1BC-DD639DBEA81F}.Release|Any CPU.ActiveCfg = Release|Any CPU
		{AC1A9787-2EA9-4E7F-A1BC-DD639DBEA81F}.Release|Any CPU.Build.0 = Release|Any CPU
		{6590E7CD-C063-4E41-B047-CD700B01A313}.Debug|Any CPU.ActiveCfg = Debug|Any CPU
		{6590E7CD-C063-4E41-B047-CD700B01A313}.Debug|Any CPU.Build.0 = Debug|Any CPU
		{6590E7CD-C063-4E41-B047-CD700B01A313}.Release|Any CPU.ActiveCfg = Release|Any CPU
		{6590E7CD-C063-4E41-B047-CD700B01A313}.Release|Any CPU.Build.0 = Release|Any CPU
		{977D3DC8-E888-42F1-9466-736B29803BB4}.Debug|Any CPU.ActiveCfg = Debug|Any CPU
		{977D3DC8-E888-42F1-9466-736B29803BB4}.Debug|Any CPU.Build.0 = Debug|Any CPU
		{977D3DC8-E888-42F1-9466-736B29803BB4}.Release|Any CPU.ActiveCfg = Release|Any CPU
		{977D3DC8-E888-42F1-9466-736B29803BB4}.Release|Any CPU.Build.0 = Release|Any CPU
		{AB09E0A3-C10F-411C-B5AC-8479F009C054}.Debug|Any CPU.ActiveCfg = Debug|Any CPU
		{AB09E0A3-C10F-411C-B5AC-8479F009C054}.Debug|Any CPU.Build.0 = Debug|Any CPU
		{AB09E0A3-C10F-411C-B5AC-8479F009C054}.Release|Any CPU.ActiveCfg = Release|Any CPU
		{AB09E0A3-C10F-411C-B5AC-8479F009C054}.Release|Any CPU.Build.0 = Release|Any CPU
		{A3B01105-8AD9-46A5-B4DF-91525B59EEC7}.Debug|Any CPU.ActiveCfg = Debug|Any CPU
		{A3B01105-8AD9-46A5-B4DF-91525B59EEC7}.Debug|Any CPU.Build.0 = Debug|Any CPU
		{A3B01105-8AD9-46A5-B4DF-91525B59EEC7}.Release|Any CPU.ActiveCfg = Release|Any CPU
		{A3B01105-8AD9-46A5-B4DF-91525B59EEC7}.Release|Any CPU.Build.0 = Release|Any CPU
	EndGlobalSection
	GlobalSection(SolutionProperties) = preSolution
		HideSolutionNode = FALSE
	EndGlobalSection
	GlobalSection(ExtensibilityGlobals) = postSolution
		SolutionGuid = {ABCD41B9-C361-4D79-B336-505BD1EEF6F7}
	EndGlobalSection
EndGlobal
