
Microsoft Visual Studio Solution File, Format Version 12.00
# Visual Studio Version 17
VisualStudioVersion = 17.4.33122.133
MinimumVisualStudioVersion = 10.0.40219.1
Project("{9A19103F-16F7-4668-BE54-9A1E7A4F7556}") = "ITMO2022.CSharp.Forms.Lab01.Exercise01.RectangularShape", "ITMO2022.CSharp.Forms.Lab01.Exercise01.RectangularShape\ITMO2022.CSharp.Forms.Lab01.Exercise01.RectangularShape.csproj", "{5A7B30AF-2A69-4227-914D-CA601C4AB757}"
EndProject
Project("{9A19103F-16F7-4668-BE54-9A1E7A4F7556}") = "ITMO2022.CSharp.Forms.Lab01.Exercise02.NotRectangularShape", "ITMO2022.CSharp.Forms.Lab01.Exercise02.NotRectangularShape\ITMO2022.CSharp.Forms.Lab01.Exercise02.NotRectangularShape.csproj", "{7B258893-3ED9-42C4-964D-D044C760C73D}"
EndProject
Project("{9A19103F-16F7-4668-BE54-9A1E7A4F7556}") = "ITMO2022.CSharp.Forms.Lab01.Exercise03. Inheritance", "ITMO2022.CSharp.Forms.Lab01.Exercise03. Inheritance\ITMO2022.CSharp.Forms.Lab01.Exercise03. Inheritance.csproj", "{069544EF-5025-465A-8A69-0BD7561C091F}"
EndProject
Project("{9A19103F-16F7-4668-BE54-9A1E7A4F7556}") = "ITMO2022.CSharp.Forms.Lab01.Exercise04.MdiApplication", "ITMO2022.CSharp.Forms.Lab01.Exercise04.MdiApplication\ITMO2022.CSharp.Forms.Lab01.Exercise04.MdiApplication.csproj", "{35536047-BBB5-46A4-9152-BE317A5A350C}"
EndProject
Project("{9A19103F-16F7-4668-BE54-9A1E7A4F7556}") = "ITMO2022.CSharp.Forms.Lab01.Exercise05.Test.EllipseShape", "ITMO2022.CSharp.Forms.Lab01.Exercise05.Test\ITMO2022.CSharp.Forms.Lab01.Exercise05.Test.EllipseShape.csproj", "{76795137-5EC2-4071-AEDC-BBE21AD1B0CD}"
EndProject
Project("{9A19103F-16F7-4668-BE54-9A1E7A4F7556}") = "ITMO2022.CSharp.Forms.Lab01.Exercise05.Test.GreenPeace", "ITMO2022.CSharp.Forms.Lab01.Exercise05.Test.GreenPeace\ITMO2022.CSharp.Forms.Lab01.Exercise05.Test.GreenPeace.csproj", "{8DD69483-261C-4CD7-928C-6345C6643061}"
EndProject
Project("{9A19103F-16F7-4668-BE54-9A1E7A4F7556}") = "ITMO2022.CSharp.Forms.Lab01.Exercise05.Test.Elastic", "ITMO2022.CSharp.Forms.Lab01.Exercise05.Test.Elastic\ITMO2022.CSharp.Forms.Lab01.Exercise05.Test.Elastic.csproj", "{AB7EEC36-A1C4-45F2-95F4-EE800265CD26}"
EndProject
Project("{9A19103F-16F7-4668-BE54-9A1E7A4F7556}") = "ITMO2022.CSharp.Forms.Lab02.Ex2.TestList", "ITMO2022.CSharp.Forms.Lab02.Ex2.TestList\ITMO2022.CSharp.Forms.Lab02.Ex2.TestList.csproj", "{00753D91-4753-4BD3-B834-9BBA47F3F2C6}"
EndProject
Project("{9A19103F-16F7-4668-BE54-9A1E7A4F7556}") = "ITMO2022.CSharp.Forms.Lab02.Ex5.WinContainer", "ITMO2022.CSharp.Forms.Lab02.Ex5.WinContainer\ITMO2022.CSharp.Forms.Lab02.Ex5.WinContainer.csproj", "{90DA22C9-40F8-4D29-8D8C-D89C3502F00E}"
EndProject
Project("{9A19103F-16F7-4668-BE54-9A1E7A4F7556}") = "ITMO2022.CSharp.Forms.Lab02.Ex6.BiblWorm", "ITMO2022.CSharp.Forms.Lab02.Ex6.BiblWorm\ITMO2022.CSharp.Forms.Lab02.Ex6.BiblWorm.csproj", "{EC5E9DF8-6548-47B8-9E54-84CD7150150B}"
EndProject
Project("{9A19103F-16F7-4668-BE54-9A1E7A4F7556}") = "ITMO2022.CSharp.Forms.Lab02.Ex7.RegistrationForm", "ITMO2022.CSharp.Forms.Lab02.Ex7.RegistrationForm\ITMO2022.CSharp.Forms.Lab02.Ex7.RegistrationForm.csproj", "{C643BD30-31EE-477D-9DE4-C83ADB47A6DE}"
EndProject
Project("{9A19103F-16F7-4668-BE54-9A1E7A4F7556}") = "ITMO2022.CSharp.Forms.Lab02.Ex8.ErrorProvider", "ITMO2022.CSharp.Forms.Lab02.Ex8.ErrorProvider\ITMO2022.CSharp.Forms.Lab02.Ex8.ErrorProvider.csproj", "{55A1992C-69E8-4D3F-82A7-8CD5399DB692}"
EndProject
Project("{9A19103F-16F7-4668-BE54-9A1E7A4F7556}") = "ITMO2022.CSharp.Forms.Lab04.Ex1.TestStandartDialog", "ITMO2022.CSharp.Forms.Lab04.Ex1.TestStandartDialog\ITMO2022.CSharp.Forms.Lab04.Ex1.TestStandartDialog.csproj", "{2B144EF3-FF06-473F-B3A1-2BC01F997AEE}"
EndProject
Project("{9A19103F-16F7-4668-BE54-9A1E7A4F7556}") = "ITMO2022.CSharp.Forms.Lab04.Ex2.EditPerson", "ITMO2022.CSharp.Forms.Lab04.Ex2.EditPerson\ITMO2022.CSharp.Forms.Lab04.Ex2.EditPerson.csproj", "{C441512B-12AC-477D-A89C-628C71F5D84E}"
EndProject
Project("{9A19103F-16F7-4668-BE54-9A1E7A4F7556}") = "ITMO2022.CSharp.Forms.Lab04.Ex3.Person", "ITMO2022.CSharp.Forms.Lab04.Ex3.Person\ITMO2022.CSharp.Forms.Lab04.Ex3.Person.csproj", "{2F447D82-006E-4193-8723-2E3695554069}"
EndProject
Project("{9A19103F-16F7-4668-BE54-9A1E7A4F7556}") = "ITMO2022.CSharp.Forms.Lab04.Ex4.Owner", "ITMO2022.CSharp.Forms.Lab04.Ex4.Owner\ITMO2022.CSharp.Forms.Lab04.Ex4.Owner.csproj", "{F932AB9A-3C0D-43D2-98E2-14003BACF7F8}"
EndProject
Project("{9A19103F-16F7-4668-BE54-9A1E7A4F7556}") = "ITMO2022.CSharp.Forms.Lab04.Ex5.Function", "ITMO2022.CSharp.Forms.Lab04.Ex5.Function\ITMO2022.CSharp.Forms.Lab04.Ex5.Function.csproj", "{4BC717D7-A85D-45F1-B391-5A5B957D9E71}"
EndProject
Project("{9A19103F-16F7-4668-BE54-9A1E7A4F7556}") = "ITMO2022.CSharp.Forms.Lab03.Ex1.WinTimer1", "ITMO2022.CSharp.Forms.Lab03.Ex1.WinTimer1\ITMO2022.CSharp.Forms.Lab03.Ex1.WinTimer1.csproj", "{B5710FFD-A218-4547-9F49-F665F98A612C}"
EndProject
Project("{FAE04EC0-301F-11D3-BF4B-00C04F79EFBC}") = "ITMO2022.CSharp.Forms.Lab03.Ex1.WinFormsControlLibrary", "ITMO2022.CSharp.Forms.Lab03.Ex1.WinFormsControlLibrary\ITMO2022.CSharp.Forms.Lab03.Ex1.WinFormsControlLibrary.csproj", "{B04D266E-1319-45AD-A63E-0EE8E2BF8577}"
EndProject
Project("{FAE04EC0-301F-11D3-BF4B-00C04F79EFBC}") = "ITMO2022.CSharp.Forms.Lab03.Ex3.WinButNum", "ITMO2022.CSharp.Forms.Lab03.Ex3.WinButNum\ITMO2022.CSharp.Forms.Lab03.Ex3.WinButNum.csproj", "{99F47DBC-A909-4265-ACA9-8F2002D6BD8D}"
EndProject
Project("{9A19103F-16F7-4668-BE54-9A1E7A4F7556}") = "ITMO2022.CSharp.Forms.Lab03.Ex2.WinTimer2", "ITMO2022.CSharp.Forms.Lab03.Ex2.WinTimer2\ITMO2022.CSharp.Forms.Lab03.Ex2.WinTimer2.csproj", "{4D9836CD-38D5-486D-AAF5-AE41A8BA3F59}"
EndProject
Global
	GlobalSection(SolutionConfigurationPlatforms) = preSolution
		Debug|Any CPU = Debug|Any CPU
		Release|Any CPU = Release|Any CPU
	EndGlobalSection
	GlobalSection(ProjectConfigurationPlatforms) = postSolution
		{5A7B30AF-2A69-4227-914D-CA601C4AB757}.Debug|Any CPU.ActiveCfg = Debug|Any CPU
		{5A7B30AF-2A69-4227-914D-CA601C4AB757}.Debug|Any CPU.Build.0 = Debug|Any CPU
		{5A7B30AF-2A69-4227-914D-CA601C4AB757}.Release|Any CPU.ActiveCfg = Release|Any CPU
		{5A7B30AF-2A69-4227-914D-CA601C4AB757}.Release|Any CPU.Build.0 = Release|Any CPU
		{7B258893-3ED9-42C4-964D-D044C760C73D}.Debug|Any CPU.ActiveCfg = Debug|Any CPU
		{7B258893-3ED9-42C4-964D-D044C760C73D}.Debug|Any CPU.Build.0 = Debug|Any CPU
		{7B258893-3ED9-42C4-964D-D044C760C73D}.Release|Any CPU.ActiveCfg = Release|Any CPU
		{7B258893-3ED9-42C4-964D-D044C760C73D}.Release|Any CPU.Build.0 = Release|Any CPU
		{069544EF-5025-465A-8A69-0BD7561C091F}.Debug|Any CPU.ActiveCfg = Debug|Any CPU
		{069544EF-5025-465A-8A69-0BD7561C091F}.Debug|Any CPU.Build.0 = Debug|Any CPU
		{069544EF-5025-465A-8A69-0BD7561C091F}.Release|Any CPU.ActiveCfg = Release|Any CPU
		{069544EF-5025-465A-8A69-0BD7561C091F}.Release|Any CPU.Build.0 = Release|Any CPU
		{35536047-BBB5-46A4-9152-BE317A5A350C}.Debug|Any CPU.ActiveCfg = Debug|Any CPU
		{35536047-BBB5-46A4-9152-BE317A5A350C}.Debug|Any CPU.Build.0 = Debug|Any CPU
		{35536047-BBB5-46A4-9152-BE317A5A350C}.Release|Any CPU.ActiveCfg = Release|Any CPU
		{35536047-BBB5-46A4-9152-BE317A5A350C}.Release|Any CPU.Build.0 = Release|Any CPU
		{76795137-5EC2-4071-AEDC-BBE21AD1B0CD}.Debug|Any CPU.ActiveCfg = Debug|Any CPU
		{76795137-5EC2-4071-AEDC-BBE21AD1B0CD}.Debug|Any CPU.Build.0 = Debug|Any CPU
		{76795137-5EC2-4071-AEDC-BBE21AD1B0CD}.Release|Any CPU.ActiveCfg = Release|Any CPU
		{76795137-5EC2-4071-AEDC-BBE21AD1B0CD}.Release|Any CPU.Build.0 = Release|Any CPU
		{8DD69483-261C-4CD7-928C-6345C6643061}.Debug|Any CPU.ActiveCfg = Debug|Any CPU
		{8DD69483-261C-4CD7-928C-6345C6643061}.Debug|Any CPU.Build.0 = Debug|Any CPU
		{8DD69483-261C-4CD7-928C-6345C6643061}.Release|Any CPU.ActiveCfg = Release|Any CPU
		{8DD69483-261C-4CD7-928C-6345C6643061}.Release|Any CPU.Build.0 = Release|Any CPU
		{AB7EEC36-A1C4-45F2-95F4-EE800265CD26}.Debug|Any CPU.ActiveCfg = Debug|Any CPU
		{AB7EEC36-A1C4-45F2-95F4-EE800265CD26}.Debug|Any CPU.Build.0 = Debug|Any CPU
		{AB7EEC36-A1C4-45F2-95F4-EE800265CD26}.Release|Any CPU.ActiveCfg = Release|Any CPU
		{AB7EEC36-A1C4-45F2-95F4-EE800265CD26}.Release|Any CPU.Build.0 = Release|Any CPU
		{00753D91-4753-4BD3-B834-9BBA47F3F2C6}.Debug|Any CPU.ActiveCfg = Debug|Any CPU
		{00753D91-4753-4BD3-B834-9BBA47F3F2C6}.Debug|Any CPU.Build.0 = Debug|Any CPU
		{00753D91-4753-4BD3-B834-9BBA47F3F2C6}.Release|Any CPU.ActiveCfg = Release|Any CPU
		{00753D91-4753-4BD3-B834-9BBA47F3F2C6}.Release|Any CPU.Build.0 = Release|Any CPU
		{90DA22C9-40F8-4D29-8D8C-D89C3502F00E}.Debug|Any CPU.ActiveCfg = Debug|Any CPU
		{90DA22C9-40F8-4D29-8D8C-D89C3502F00E}.Debug|Any CPU.Build.0 = Debug|Any CPU
		{90DA22C9-40F8-4D29-8D8C-D89C3502F00E}.Release|Any CPU.ActiveCfg = Release|Any CPU
		{90DA22C9-40F8-4D29-8D8C-D89C3502F00E}.Release|Any CPU.Build.0 = Release|Any CPU
		{EC5E9DF8-6548-47B8-9E54-84CD7150150B}.Debug|Any CPU.ActiveCfg = Debug|Any CPU
		{EC5E9DF8-6548-47B8-9E54-84CD7150150B}.Debug|Any CPU.Build.0 = Debug|Any CPU
		{EC5E9DF8-6548-47B8-9E54-84CD7150150B}.Release|Any CPU.ActiveCfg = Release|Any CPU
		{EC5E9DF8-6548-47B8-9E54-84CD7150150B}.Release|Any CPU.Build.0 = Release|Any CPU
		{C643BD30-31EE-477D-9DE4-C83ADB47A6DE}.Debug|Any CPU.ActiveCfg = Debug|Any CPU
		{C643BD30-31EE-477D-9DE4-C83ADB47A6DE}.Debug|Any CPU.Build.0 = Debug|Any CPU
		{C643BD30-31EE-477D-9DE4-C83ADB47A6DE}.Release|Any CPU.ActiveCfg = Release|Any CPU
		{C643BD30-31EE-477D-9DE4-C83ADB47A6DE}.Release|Any CPU.Build.0 = Release|Any CPU
		{55A1992C-69E8-4D3F-82A7-8CD5399DB692}.Debug|Any CPU.ActiveCfg = Debug|Any CPU
		{55A1992C-69E8-4D3F-82A7-8CD5399DB692}.Debug|Any CPU.Build.0 = Debug|Any CPU
		{55A1992C-69E8-4D3F-82A7-8CD5399DB692}.Release|Any CPU.ActiveCfg = Release|Any CPU
		{55A1992C-69E8-4D3F-82A7-8CD5399DB692}.Release|Any CPU.Build.0 = Release|Any CPU
		{2B144EF3-FF06-473F-B3A1-2BC01F997AEE}.Debug|Any CPU.ActiveCfg = Debug|Any CPU
		{2B144EF3-FF06-473F-B3A1-2BC01F997AEE}.Debug|Any CPU.Build.0 = Debug|Any CPU
		{2B144EF3-FF06-473F-B3A1-2BC01F997AEE}.Release|Any CPU.ActiveCfg = Release|Any CPU
		{2B144EF3-FF06-473F-B3A1-2BC01F997AEE}.Release|Any CPU.Build.0 = Release|Any CPU
		{C441512B-12AC-477D-A89C-628C71F5D84E}.Debug|Any CPU.ActiveCfg = Debug|Any CPU
		{C441512B-12AC-477D-A89C-628C71F5D84E}.Debug|Any CPU.Build.0 = Debug|Any CPU
		{C441512B-12AC-477D-A89C-628C71F5D84E}.Release|Any CPU.ActiveCfg = Release|Any CPU
		{C441512B-12AC-477D-A89C-628C71F5D84E}.Release|Any CPU.Build.0 = Release|Any CPU
		{2F447D82-006E-4193-8723-2E3695554069}.Debug|Any CPU.ActiveCfg = Debug|Any CPU
		{2F447D82-006E-4193-8723-2E3695554069}.Debug|Any CPU.Build.0 = Debug|Any CPU
		{2F447D82-006E-4193-8723-2E3695554069}.Release|Any CPU.ActiveCfg = Release|Any CPU
		{2F447D82-006E-4193-8723-2E3695554069}.Release|Any CPU.Build.0 = Release|Any CPU
		{F932AB9A-3C0D-43D2-98E2-14003BACF7F8}.Debug|Any CPU.ActiveCfg = Debug|Any CPU
		{F932AB9A-3C0D-43D2-98E2-14003BACF7F8}.Debug|Any CPU.Build.0 = Debug|Any CPU
		{F932AB9A-3C0D-43D2-98E2-14003BACF7F8}.Release|Any CPU.ActiveCfg = Release|Any CPU
		{F932AB9A-3C0D-43D2-98E2-14003BACF7F8}.Release|Any CPU.Build.0 = Release|Any CPU
		{4BC717D7-A85D-45F1-B391-5A5B957D9E71}.Debug|Any CPU.ActiveCfg = Debug|Any CPU
		{4BC717D7-A85D-45F1-B391-5A5B957D9E71}.Debug|Any CPU.Build.0 = Debug|Any CPU
		{4BC717D7-A85D-45F1-B391-5A5B957D9E71}.Release|Any CPU.ActiveCfg = Release|Any CPU
		{4BC717D7-A85D-45F1-B391-5A5B957D9E71}.Release|Any CPU.Build.0 = Release|Any CPU
		{B5710FFD-A218-4547-9F49-F665F98A612C}.Debug|Any CPU.ActiveCfg = Debug|Any CPU
		{B5710FFD-A218-4547-9F49-F665F98A612C}.Debug|Any CPU.Build.0 = Debug|Any CPU
		{B5710FFD-A218-4547-9F49-F665F98A612C}.Release|Any CPU.ActiveCfg = Release|Any CPU
		{B5710FFD-A218-4547-9F49-F665F98A612C}.Release|Any CPU.Build.0 = Release|Any CPU
		{B04D266E-1319-45AD-A63E-0EE8E2BF8577}.Debug|Any CPU.ActiveCfg = Debug|Any CPU
		{B04D266E-1319-45AD-A63E-0EE8E2BF8577}.Debug|Any CPU.Build.0 = Debug|Any CPU
		{B04D266E-1319-45AD-A63E-0EE8E2BF8577}.Release|Any CPU.ActiveCfg = Release|Any CPU
		{B04D266E-1319-45AD-A63E-0EE8E2BF8577}.Release|Any CPU.Build.0 = Release|Any CPU
		{99F47DBC-A909-4265-ACA9-8F2002D6BD8D}.Debug|Any CPU.ActiveCfg = Debug|Any CPU
		{99F47DBC-A909-4265-ACA9-8F2002D6BD8D}.Debug|Any CPU.Build.0 = Debug|Any CPU
		{99F47DBC-A909-4265-ACA9-8F2002D6BD8D}.Release|Any CPU.ActiveCfg = Release|Any CPU
		{99F47DBC-A909-4265-ACA9-8F2002D6BD8D}.Release|Any CPU.Build.0 = Release|Any CPU
		{4D9836CD-38D5-486D-AAF5-AE41A8BA3F59}.Debug|Any CPU.ActiveCfg = Debug|Any CPU
		{4D9836CD-38D5-486D-AAF5-AE41A8BA3F59}.Debug|Any CPU.Build.0 = Debug|Any CPU
		{4D9836CD-38D5-486D-AAF5-AE41A8BA3F59}.Release|Any CPU.ActiveCfg = Release|Any CPU
		{4D9836CD-38D5-486D-AAF5-AE41A8BA3F59}.Release|Any CPU.Build.0 = Release|Any CPU
	EndGlobalSection
	GlobalSection(SolutionProperties) = preSolution
		HideSolutionNode = FALSE
	EndGlobalSection
	GlobalSection(ExtensibilityGlobals) = postSolution
		SolutionGuid = {DEE45B15-3059-4226-9D8D-5654A179834E}
	EndGlobalSection
EndGlobal
